// !$*UTF8*$!
{
	archiveVersion = 1;
	classes = {
	};
	objectVersion = 50;
	objects = {

/* Begin PBXBuildFile section */
		381B08A22255B225008F2D7C /* ZJClearTableViewController.m in Sources */ = {isa = PBXBuildFile; fileRef = 381B08A12255B225008F2D7C /* ZJClearTableViewController.m */; };
		381B08A52255EF86008F2D7C /* ZJNoClearTableViewController.m in Sources */ = {isa = PBXBuildFile; fileRef = 381B08A42255EF86008F2D7C /* ZJNoClearTableViewController.m */; };
		381B08BE2255FC76008F2D7C /* ZJCornerButton.m in Sources */ = {isa = PBXBuildFile; fileRef = 381B08B72255FC75008F2D7C /* ZJCornerButton.m */; };
		381B08BF2255FC76008F2D7C /* ZJPullDownButton.m in Sources */ = {isa = PBXBuildFile; fileRef = 381B08B92255FC76008F2D7C /* ZJPullDownButton.m */; };
		381B08C02255FC76008F2D7C /* ZJEditButton.m in Sources */ = {isa = PBXBuildFile; fileRef = 381B08BA2255FC76008F2D7C /* ZJEditButton.m */; };
		381B08C12255FC76008F2D7C /* ZJSelectButton.m in Sources */ = {isa = PBXBuildFile; fileRef = 381B08BC2255FC76008F2D7C /* ZJSelectButton.m */; };
		381B08C62255FF86008F2D7C /* ZJNormalTableViewCell.m in Sources */ = {isa = PBXBuildFile; fileRef = 381B08C52255FF86008F2D7C /* ZJNormalTableViewCell.m */; };
		3834E4CE2243989F00C23476 /* AppDelegate.m in Sources */ = {isa = PBXBuildFile; fileRef = 3834E4CD2243989F00C23476 /* AppDelegate.m */; };
		3834E4D72243989F00C23476 /* ZJTest.xcdatamodeld in Sources */ = {isa = PBXBuildFile; fileRef = 3834E4D52243989F00C23476 /* ZJTest.xcdatamodeld */; };
		3834E4D9224398A000C23476 /* Assets.xcassets in Resources */ = {isa = PBXBuildFile; fileRef = 3834E4D8224398A000C23476 /* Assets.xcassets */; };
		3834E4DC224398A000C23476 /* LaunchScreen.storyboard in Resources */ = {isa = PBXBuildFile; fileRef = 3834E4DA224398A000C23476 /* LaunchScreen.storyboard */; };
		3834E4DF224398A000C23476 /* main.m in Sources */ = {isa = PBXBuildFile; fileRef = 3834E4DE224398A000C23476 /* main.m */; };
		3834E4E9224398A000C23476 /* ZJTestTests.m in Sources */ = {isa = PBXBuildFile; fileRef = 3834E4E8224398A000C23476 /* ZJTestTests.m */; };
		3834E4F4224398A000C23476 /* ZJTestUITests.m in Sources */ = {isa = PBXBuildFile; fileRef = 3834E4F3224398A000C23476 /* ZJTestUITests.m */; };
		3878A2DF225373B900190EDB /* ZJTestNavigationBarViewController.m in Sources */ = {isa = PBXBuildFile; fileRef = 3878A2DE225373B900190EDB /* ZJTestNavigationBarViewController.m */; };
		387FA2362254ABBA001E5B98 /* ZJControllerCategory.m in Sources */ = {isa = PBXBuildFile; fileRef = 387FA2292254ABB8001E5B98 /* ZJControllerCategory.m */; };
		387FA2372254ABBA001E5B98 /* UIViewExt.m in Sources */ = {isa = PBXBuildFile; fileRef = 387FA22D2254ABB8001E5B98 /* UIViewExt.m */; };
		387FA2382254ABBA001E5B98 /* ZJFondationCategory.m in Sources */ = {isa = PBXBuildFile; fileRef = 387FA22F2254ABB8001E5B98 /* ZJFondationCategory.m */; };
		387FA2392254ABBA001E5B98 /* UITextView+Placeholder.m in Sources */ = {isa = PBXBuildFile; fileRef = 387FA2312254ABB9001E5B98 /* UITextView+Placeholder.m */; };
		387FA23A2254ABBA001E5B98 /* ZJUIViewCategory.m in Sources */ = {isa = PBXBuildFile; fileRef = 387FA2322254ABB9001E5B98 /* ZJUIViewCategory.m */; };
		387FA23B2254ABBA001E5B98 /* ZJNSObjectCategory.m in Sources */ = {isa = PBXBuildFile; fileRef = 387FA2342254ABB9001E5B98 /* ZJNSObjectCategory.m */; };
		387FA24A2254ACC6001E5B98 /* ZJValueObject.m in Sources */ = {isa = PBXBuildFile; fileRef = 387FA23F2254ACC4001E5B98 /* ZJValueObject.m */; };
		387FA24B2254ACC6001E5B98 /* ZJTimeValueObject.m in Sources */ = {isa = PBXBuildFile; fileRef = 387FA2402254ACC4001E5B98 /* ZJTimeValueObject.m */; };
		387FA24C2254ACC6001E5B98 /* ZJStandarValueObj.m in Sources */ = {isa = PBXBuildFile; fileRef = 387FA2412254ACC4001E5B98 /* ZJStandarValueObj.m */; };
		387FA24D2254ACC6001E5B98 /* ZJPageSizeObjectInfo.m in Sources */ = {isa = PBXBuildFile; fileRef = 387FA2422254ACC4001E5B98 /* ZJPageSizeObjectInfo.m */; };
		387FA24E2254ACC6001E5B98 /* ZJAlertObject.m in Sources */ = {isa = PBXBuildFile; fileRef = 387FA2462254ACC5001E5B98 /* ZJAlertObject.m */; };
		387FA24F2254ACC6001E5B98 /* ZJMentionObject.m in Sources */ = {isa = PBXBuildFile; fileRef = 387FA2472254ACC5001E5B98 /* ZJMentionObject.m */; };
		388233512249D02400D444EA /* ZJMainTabBarViewController.m in Sources */ = {isa = PBXBuildFile; fileRef = 388233502249D02400D444EA /* ZJMainTabBarViewController.m */; };
		388233772249D5E500D444EA /* ZJNormalTableViewController.m in Sources */ = {isa = PBXBuildFile; fileRef = 3882335D2249D5E500D444EA /* ZJNormalTableViewController.m */; };
		388233782249D5E500D444EA /* ZJNormalViewController.m in Sources */ = {isa = PBXBuildFile; fileRef = 388233612249D5E500D444EA /* ZJNormalViewController.m */; };
		388233792249D5E500D444EA /* ZJNavigationController.m in Sources */ = {isa = PBXBuildFile; fileRef = 388233642249D5E500D444EA /* ZJNavigationController.m */; };
		3882337A2249D5E500D444EA /* ZJTestFodationTableViewController.m in Sources */ = {isa = PBXBuildFile; fileRef = 388233692249D5E500D444EA /* ZJTestFodationTableViewController.m */; };
		3882337B2249D5E500D444EA /* ZJTestNSStringViewController.m in Sources */ = {isa = PBXBuildFile; fileRef = 3882336A2249D5E500D444EA /* ZJTestNSStringViewController.m */; };
		3882337C2249D5E500D444EA /* ZJTestCAAnimationTableViewController.m in Sources */ = {isa = PBXBuildFile; fileRef = 3882336E2249D5E500D444EA /* ZJTestCAAnimationTableViewController.m */; };
		3882337E2249D5E500D444EA /* ZJTestCAGradientLayerViewController.m in Sources */ = {isa = PBXBuildFile; fileRef = 388233702249D5E500D444EA /* ZJTestCAGradientLayerViewController.m */; };
		3882337F2249D5E500D444EA /* ZJTestUIKitTableViewController.m in Sources */ = {isa = PBXBuildFile; fileRef = 388233742249D5E500D444EA /* ZJTestUIKitTableViewController.m */; };
		38AF1436224B601200905E37 /* ZJTestSliderViewController.m in Sources */ = {isa = PBXBuildFile; fileRef = 38AF1435224B601200905E37 /* ZJTestSliderViewController.m */; };
		38CC76072254BE510045F4F4 /* ZJTestUIRectEdgeTableViewController.m in Sources */ = {isa = PBXBuildFile; fileRef = 38CC76062254BE510045F4F4 /* ZJTestUIRectEdgeTableViewController.m */; };
		38CC760E2254BED20045F4F4 /* ZJWrapView.m in Sources */ = {isa = PBXBuildFile; fileRef = 38CC760B2254BED20045F4F4 /* ZJWrapView.m */; };
		38CC760F2254BED20045F4F4 /* ZJAboutView.m in Sources */ = {isa = PBXBuildFile; fileRef = 38CC760C2254BED20045F4F4 /* ZJAboutView.m */; };
		38CC76102254BED20045F4F4 /* ZJAboutView.xib in Resources */ = {isa = PBXBuildFile; fileRef = 38CC760D2254BED20045F4F4 /* ZJAboutView.xib */; };
/* End PBXBuildFile section */

/* Begin PBXContainerItemProxy section */
		3834E4E5224398A000C23476 /* PBXContainerItemProxy */ = {
			isa = PBXContainerItemProxy;
			containerPortal = 3834E4C12243989F00C23476 /* Project object */;
			proxyType = 1;
			remoteGlobalIDString = 3834E4C82243989F00C23476;
			remoteInfo = ZJTest;
		};
		3834E4F0224398A000C23476 /* PBXContainerItemProxy */ = {
			isa = PBXContainerItemProxy;
			containerPortal = 3834E4C12243989F00C23476 /* Project object */;
			proxyType = 1;
			remoteGlobalIDString = 3834E4C82243989F00C23476;
			remoteInfo = ZJTest;
		};
/* End PBXContainerItemProxy section */

/* Begin PBXFileReference section */
		38066325224A04D600CFE479 /* ZJDefine.h */ = {isa = PBXFileReference; fileEncoding = 4; lastKnownFileType = sourcecode.c.h; path = ZJDefine.h; sourceTree = "<group>"; };
		381B08A02255B225008F2D7C /* ZJClearTableViewController.h */ = {isa = PBXFileReference; lastKnownFileType = sourcecode.c.h; path = ZJClearTableViewController.h; sourceTree = "<group>"; };
		381B08A12255B225008F2D7C /* ZJClearTableViewController.m */ = {isa = PBXFileReference; lastKnownFileType = sourcecode.c.objc; path = ZJClearTableViewController.m; sourceTree = "<group>"; };
		381B08A32255EF86008F2D7C /* ZJNoClearTableViewController.h */ = {isa = PBXFileReference; lastKnownFileType = sourcecode.c.h; path = ZJNoClearTableViewController.h; sourceTree = "<group>"; };
		381B08A42255EF86008F2D7C /* ZJNoClearTableViewController.m */ = {isa = PBXFileReference; lastKnownFileType = sourcecode.c.objc; path = ZJNoClearTableViewController.m; sourceTree = "<group>"; };
		381B08A62255F41A008F2D7C /* ZJScrollViewDefines.h */ = {isa = PBXFileReference; lastKnownFileType = sourcecode.c.h; path = ZJScrollViewDefines.h; sourceTree = "<group>"; };
		381B08A72255F5C2008F2D7C /* ZJLayoutDefines.h */ = {isa = PBXFileReference; lastKnownFileType = sourcecode.c.h; path = ZJLayoutDefines.h; sourceTree = "<group>"; };
		381B08A82255F801008F2D7C /* ZJOtherDefines.h */ = {isa = PBXFileReference; lastKnownFileType = sourcecode.c.h; path = ZJOtherDefines.h; sourceTree = "<group>"; };
		381B08B62255FC75008F2D7C /* ZJPullDownButton.h */ = {isa = PBXFileReference; fileEncoding = 4; lastKnownFileType = sourcecode.c.h; path = ZJPullDownButton.h; sourceTree = "<group>"; };
		381B08B72255FC75008F2D7C /* ZJCornerButton.m */ = {isa = PBXFileReference; fileEncoding = 4; lastKnownFileType = sourcecode.c.objc; path = ZJCornerButton.m; sourceTree = "<group>"; };
		381B08B82255FC76008F2D7C /* ZJSelectButton.h */ = {isa = PBXFileReference; fileEncoding = 4; lastKnownFileType = sourcecode.c.h; path = ZJSelectButton.h; sourceTree = "<group>"; };
		381B08B92255FC76008F2D7C /* ZJPullDownButton.m */ = {isa = PBXFileReference; fileEncoding = 4; lastKnownFileType = sourcecode.c.objc; path = ZJPullDownButton.m; sourceTree = "<group>"; };
		381B08BA2255FC76008F2D7C /* ZJEditButton.m */ = {isa = PBXFileReference; fileEncoding = 4; lastKnownFileType = sourcecode.c.objc; path = ZJEditButton.m; sourceTree = "<group>"; };
		381B08BB2255FC76008F2D7C /* ZJCornerButton.h */ = {isa = PBXFileReference; fileEncoding = 4; lastKnownFileType = sourcecode.c.h; path = ZJCornerButton.h; sourceTree = "<group>"; };
		381B08BC2255FC76008F2D7C /* ZJSelectButton.m */ = {isa = PBXFileReference; fileEncoding = 4; lastKnownFileType = sourcecode.c.objc; path = ZJSelectButton.m; sourceTree = "<group>"; };
		381B08BD2255FC76008F2D7C /* ZJEditButton.h */ = {isa = PBXFileReference; fileEncoding = 4; lastKnownFileType = sourcecode.c.h; path = ZJEditButton.h; sourceTree = "<group>"; };
		381B08C42255FF86008F2D7C /* ZJNormalTableViewCell.h */ = {isa = PBXFileReference; lastKnownFileType = sourcecode.c.h; path = ZJNormalTableViewCell.h; sourceTree = "<group>"; };
		381B08C52255FF86008F2D7C /* ZJNormalTableViewCell.m */ = {isa = PBXFileReference; lastKnownFileType = sourcecode.c.objc; path = ZJNormalTableViewCell.m; sourceTree = "<group>"; };
		3834E4C92243989F00C23476 /* ZJTest.app */ = {isa = PBXFileReference; explicitFileType = wrapper.application; includeInIndex = 0; path = ZJTest.app; sourceTree = BUILT_PRODUCTS_DIR; };
		3834E4CC2243989F00C23476 /* AppDelegate.h */ = {isa = PBXFileReference; lastKnownFileType = sourcecode.c.h; path = AppDelegate.h; sourceTree = "<group>"; };
		3834E4CD2243989F00C23476 /* AppDelegate.m */ = {isa = PBXFileReference; lastKnownFileType = sourcecode.c.objc; path = AppDelegate.m; sourceTree = "<group>"; };
		3834E4D62243989F00C23476 /* ZJTest.xcdatamodel */ = {isa = PBXFileReference; lastKnownFileType = wrapper.xcdatamodel; path = ZJTest.xcdatamodel; sourceTree = "<group>"; };
		3834E4D8224398A000C23476 /* Assets.xcassets */ = {isa = PBXFileReference; lastKnownFileType = folder.assetcatalog; path = Assets.xcassets; sourceTree = "<group>"; };
		3834E4DB224398A000C23476 /* Base */ = {isa = PBXFileReference; lastKnownFileType = file.storyboard; name = Base; path = Base.lproj/LaunchScreen.storyboard; sourceTree = "<group>"; };
		3834E4DD224398A000C23476 /* Info.plist */ = {isa = PBXFileReference; lastKnownFileType = text.plist.xml; path = Info.plist; sourceTree = "<group>"; };
		3834E4DE224398A000C23476 /* main.m */ = {isa = PBXFileReference; lastKnownFileType = sourcecode.c.objc; path = main.m; sourceTree = "<group>"; };
		3834E4E4224398A000C23476 /* ZJTestTests.xctest */ = {isa = PBXFileReference; explicitFileType = wrapper.cfbundle; includeInIndex = 0; path = ZJTestTests.xctest; sourceTree = BUILT_PRODUCTS_DIR; };
		3834E4E8224398A000C23476 /* ZJTestTests.m */ = {isa = PBXFileReference; lastKnownFileType = sourcecode.c.objc; path = ZJTestTests.m; sourceTree = "<group>"; };
		3834E4EA224398A000C23476 /* Info.plist */ = {isa = PBXFileReference; lastKnownFileType = text.plist.xml; path = Info.plist; sourceTree = "<group>"; };
		3834E4EF224398A000C23476 /* ZJTestUITests.xctest */ = {isa = PBXFileReference; explicitFileType = wrapper.cfbundle; includeInIndex = 0; path = ZJTestUITests.xctest; sourceTree = BUILT_PRODUCTS_DIR; };
		3834E4F3224398A000C23476 /* ZJTestUITests.m */ = {isa = PBXFileReference; lastKnownFileType = sourcecode.c.objc; path = ZJTestUITests.m; sourceTree = "<group>"; };
		3834E4F5224398A000C23476 /* Info.plist */ = {isa = PBXFileReference; lastKnownFileType = text.plist.xml; path = Info.plist; sourceTree = "<group>"; };
		3834E51222439BFF00C23476 /* PrefixHeader.pch */ = {isa = PBXFileReference; lastKnownFileType = sourcecode.c.h; path = PrefixHeader.pch; sourceTree = "<group>"; };
		3878A2DD225373B900190EDB /* ZJTestNavigationBarViewController.h */ = {isa = PBXFileReference; lastKnownFileType = sourcecode.c.h; path = ZJTestNavigationBarViewController.h; sourceTree = "<group>"; };
		3878A2DE225373B900190EDB /* ZJTestNavigationBarViewController.m */ = {isa = PBXFileReference; lastKnownFileType = sourcecode.c.objc; path = ZJTestNavigationBarViewController.m; sourceTree = "<group>"; };
		387FA2292254ABB8001E5B98 /* ZJControllerCategory.m */ = {isa = PBXFileReference; fileEncoding = 4; lastKnownFileType = sourcecode.c.objc; path = ZJControllerCategory.m; sourceTree = "<group>"; };
		387FA22A2254ABB8001E5B98 /* UIViewExt.h */ = {isa = PBXFileReference; fileEncoding = 4; lastKnownFileType = sourcecode.c.h; path = UIViewExt.h; sourceTree = "<group>"; };
		387FA22B2254ABB8001E5B98 /* ZJUIViewCategory.h */ = {isa = PBXFileReference; fileEncoding = 4; lastKnownFileType = sourcecode.c.h; path = ZJUIViewCategory.h; sourceTree = "<group>"; };
		387FA22C2254ABB8001E5B98 /* ZJControllerCategory.h */ = {isa = PBXFileReference; fileEncoding = 4; lastKnownFileType = sourcecode.c.h; path = ZJControllerCategory.h; sourceTree = "<group>"; };
		387FA22D2254ABB8001E5B98 /* UIViewExt.m */ = {isa = PBXFileReference; fileEncoding = 4; lastKnownFileType = sourcecode.c.objc; path = UIViewExt.m; sourceTree = "<group>"; };
		387FA22E2254ABB8001E5B98 /* ZJCategoryHeaderFile.h */ = {isa = PBXFileReference; fileEncoding = 4; lastKnownFileType = sourcecode.c.h; path = ZJCategoryHeaderFile.h; sourceTree = "<group>"; };
		387FA22F2254ABB8001E5B98 /* ZJFondationCategory.m */ = {isa = PBXFileReference; fileEncoding = 4; lastKnownFileType = sourcecode.c.objc; path = ZJFondationCategory.m; sourceTree = "<group>"; };
		387FA2302254ABB9001E5B98 /* ZJNSObjectCategory.h */ = {isa = PBXFileReference; fileEncoding = 4; lastKnownFileType = sourcecode.c.h; path = ZJNSObjectCategory.h; sourceTree = "<group>"; };
		387FA2312254ABB9001E5B98 /* UITextView+Placeholder.m */ = {isa = PBXFileReference; fileEncoding = 4; lastKnownFileType = sourcecode.c.objc; path = "UITextView+Placeholder.m"; sourceTree = "<group>"; };
		387FA2322254ABB9001E5B98 /* ZJUIViewCategory.m */ = {isa = PBXFileReference; fileEncoding = 4; lastKnownFileType = sourcecode.c.objc; path = ZJUIViewCategory.m; sourceTree = "<group>"; };
		387FA2332254ABB9001E5B98 /* UITextView+Placeholder.h */ = {isa = PBXFileReference; fileEncoding = 4; lastKnownFileType = sourcecode.c.h; path = "UITextView+Placeholder.h"; sourceTree = "<group>"; };
		387FA2342254ABB9001E5B98 /* ZJNSObjectCategory.m */ = {isa = PBXFileReference; fileEncoding = 4; lastKnownFileType = sourcecode.c.objc; path = ZJNSObjectCategory.m; sourceTree = "<group>"; };
		387FA2352254ABB9001E5B98 /* ZJFondationCategory.h */ = {isa = PBXFileReference; fileEncoding = 4; lastKnownFileType = sourcecode.c.h; path = ZJFondationCategory.h; sourceTree = "<group>"; };
		387FA23D2254ACC3001E5B98 /* ZJValueObject.h */ = {isa = PBXFileReference; fileEncoding = 4; lastKnownFileType = sourcecode.c.h; path = ZJValueObject.h; sourceTree = "<group>"; };
		387FA23E2254ACC3001E5B98 /* ZJModelHeaderFile.h */ = {isa = PBXFileReference; fileEncoding = 4; lastKnownFileType = sourcecode.c.h; path = ZJModelHeaderFile.h; sourceTree = "<group>"; };
		387FA23F2254ACC4001E5B98 /* ZJValueObject.m */ = {isa = PBXFileReference; fileEncoding = 4; lastKnownFileType = sourcecode.c.objc; path = ZJValueObject.m; sourceTree = "<group>"; };
		387FA2402254ACC4001E5B98 /* ZJTimeValueObject.m */ = {isa = PBXFileReference; fileEncoding = 4; lastKnownFileType = sourcecode.c.objc; path = ZJTimeValueObject.m; sourceTree = "<group>"; };
		387FA2412254ACC4001E5B98 /* ZJStandarValueObj.m */ = {isa = PBXFileReference; fileEncoding = 4; lastKnownFileType = sourcecode.c.objc; path = ZJStandarValueObj.m; sourceTree = "<group>"; };
		387FA2422254ACC4001E5B98 /* ZJPageSizeObjectInfo.m */ = {isa = PBXFileReference; fileEncoding = 4; lastKnownFileType = sourcecode.c.objc; path = ZJPageSizeObjectInfo.m; sourceTree = "<group>"; };
		387FA2432254ACC4001E5B98 /* ZJMentionObject.h */ = {isa = PBXFileReference; fileEncoding = 4; lastKnownFileType = sourcecode.c.h; path = ZJMentionObject.h; sourceTree = "<group>"; };
		387FA2442254ACC4001E5B98 /* ZJAlertObject.h */ = {isa = PBXFileReference; fileEncoding = 4; lastKnownFileType = sourcecode.c.h; path = ZJAlertObject.h; sourceTree = "<group>"; };
		387FA2452254ACC4001E5B98 /* ZJPageSizeObjectInfo.h */ = {isa = PBXFileReference; fileEncoding = 4; lastKnownFileType = sourcecode.c.h; path = ZJPageSizeObjectInfo.h; sourceTree = "<group>"; };
		387FA2462254ACC5001E5B98 /* ZJAlertObject.m */ = {isa = PBXFileReference; fileEncoding = 4; lastKnownFileType = sourcecode.c.objc; path = ZJAlertObject.m; sourceTree = "<group>"; };
		387FA2472254ACC5001E5B98 /* ZJMentionObject.m */ = {isa = PBXFileReference; fileEncoding = 4; lastKnownFileType = sourcecode.c.objc; path = ZJMentionObject.m; sourceTree = "<group>"; };
		387FA2482254ACC5001E5B98 /* ZJStandarValueObj.h */ = {isa = PBXFileReference; fileEncoding = 4; lastKnownFileType = sourcecode.c.h; path = ZJStandarValueObj.h; sourceTree = "<group>"; };
		387FA2492254ACC6001E5B98 /* ZJTimeValueObject.h */ = {isa = PBXFileReference; fileEncoding = 4; lastKnownFileType = sourcecode.c.h; path = ZJTimeValueObject.h; sourceTree = "<group>"; };
		3882334F2249D02400D444EA /* ZJMainTabBarViewController.h */ = {isa = PBXFileReference; lastKnownFileType = sourcecode.c.h; path = ZJMainTabBarViewController.h; sourceTree = "<group>"; };
		388233502249D02400D444EA /* ZJMainTabBarViewController.m */ = {isa = PBXFileReference; lastKnownFileType = sourcecode.c.objc; path = ZJMainTabBarViewController.m; sourceTree = "<group>"; };
		3882335D2249D5E500D444EA /* ZJNormalTableViewController.m */ = {isa = PBXFileReference; fileEncoding = 4; lastKnownFileType = sourcecode.c.objc; path = ZJNormalTableViewController.m; sourceTree = "<group>"; };
		3882335E2249D5E500D444EA /* ZJNormalTableViewController.h */ = {isa = PBXFileReference; fileEncoding = 4; lastKnownFileType = sourcecode.c.h; path = ZJNormalTableViewController.h; sourceTree = "<group>"; };
		3882335F2249D5E500D444EA /* ZJVCHeaderFiles.h */ = {isa = PBXFileReference; fileEncoding = 4; lastKnownFileType = sourcecode.c.h; path = ZJVCHeaderFiles.h; sourceTree = "<group>"; };
		388233612249D5E500D444EA /* ZJNormalViewController.m */ = {isa = PBXFileReference; fileEncoding = 4; lastKnownFileType = sourcecode.c.objc; path = ZJNormalViewController.m; sourceTree = "<group>"; };
		388233622249D5E500D444EA /* ZJNormalViewController.h */ = {isa = PBXFileReference; fileEncoding = 4; lastKnownFileType = sourcecode.c.h; path = ZJNormalViewController.h; sourceTree = "<group>"; };
		388233632249D5E500D444EA /* ZJNavigationController.h */ = {isa = PBXFileReference; fileEncoding = 4; lastKnownFileType = sourcecode.c.h; path = ZJNavigationController.h; sourceTree = "<group>"; };
		388233642249D5E500D444EA /* ZJNavigationController.m */ = {isa = PBXFileReference; fileEncoding = 4; lastKnownFileType = sourcecode.c.objc; path = ZJNavigationController.m; sourceTree = "<group>"; };
		388233662249D5E500D444EA /* ZJViewHeaderFiles.h */ = {isa = PBXFileReference; fileEncoding = 4; lastKnownFileType = sourcecode.c.h; path = ZJViewHeaderFiles.h; sourceTree = "<group>"; };
		388233672249D5E500D444EA /* ZJToolsHeadFiles.h */ = {isa = PBXFileReference; fileEncoding = 4; lastKnownFileType = sourcecode.c.h; path = ZJToolsHeadFiles.h; sourceTree = "<group>"; };
		388233692249D5E500D444EA /* ZJTestFodationTableViewController.m */ = {isa = PBXFileReference; fileEncoding = 4; lastKnownFileType = sourcecode.c.objc; path = ZJTestFodationTableViewController.m; sourceTree = "<group>"; };
		3882336A2249D5E500D444EA /* ZJTestNSStringViewController.m */ = {isa = PBXFileReference; fileEncoding = 4; lastKnownFileType = sourcecode.c.objc; path = ZJTestNSStringViewController.m; sourceTree = "<group>"; };
		3882336B2249D5E500D444EA /* ZJTestFodationTableViewController.h */ = {isa = PBXFileReference; fileEncoding = 4; lastKnownFileType = sourcecode.c.h; path = ZJTestFodationTableViewController.h; sourceTree = "<group>"; };
		3882336C2249D5E500D444EA /* ZJTestNSStringViewController.h */ = {isa = PBXFileReference; fileEncoding = 4; lastKnownFileType = sourcecode.c.h; path = ZJTestNSStringViewController.h; sourceTree = "<group>"; };
		3882336E2249D5E500D444EA /* ZJTestCAAnimationTableViewController.m */ = {isa = PBXFileReference; fileEncoding = 4; lastKnownFileType = sourcecode.c.objc; path = ZJTestCAAnimationTableViewController.m; sourceTree = "<group>"; };
		388233702249D5E500D444EA /* ZJTestCAGradientLayerViewController.m */ = {isa = PBXFileReference; fileEncoding = 4; lastKnownFileType = sourcecode.c.objc; path = ZJTestCAGradientLayerViewController.m; sourceTree = "<group>"; };
		388233712249D5E500D444EA /* ZJTestCAGradientLayerViewController.h */ = {isa = PBXFileReference; fileEncoding = 4; lastKnownFileType = sourcecode.c.h; path = ZJTestCAGradientLayerViewController.h; sourceTree = "<group>"; };
		388233722249D5E500D444EA /* ZJTestCAAnimationTableViewController.h */ = {isa = PBXFileReference; fileEncoding = 4; lastKnownFileType = sourcecode.c.h; path = ZJTestCAAnimationTableViewController.h; sourceTree = "<group>"; };
		388233742249D5E500D444EA /* ZJTestUIKitTableViewController.m */ = {isa = PBXFileReference; fileEncoding = 4; lastKnownFileType = sourcecode.c.objc; path = ZJTestUIKitTableViewController.m; sourceTree = "<group>"; };
		388233752249D5E500D444EA /* ZJTestUIKitTableViewController.h */ = {isa = PBXFileReference; fileEncoding = 4; lastKnownFileType = sourcecode.c.h; path = ZJTestUIKitTableViewController.h; sourceTree = "<group>"; };
		38AF1434224B601200905E37 /* ZJTestSliderViewController.h */ = {isa = PBXFileReference; lastKnownFileType = sourcecode.c.h; path = ZJTestSliderViewController.h; sourceTree = "<group>"; };
		38AF1435224B601200905E37 /* ZJTestSliderViewController.m */ = {isa = PBXFileReference; lastKnownFileType = sourcecode.c.objc; path = ZJTestSliderViewController.m; sourceTree = "<group>"; };
		38CC76052254BE510045F4F4 /* ZJTestUIRectEdgeTableViewController.h */ = {isa = PBXFileReference; lastKnownFileType = sourcecode.c.h; path = ZJTestUIRectEdgeTableViewController.h; sourceTree = "<group>"; };
		38CC76062254BE510045F4F4 /* ZJTestUIRectEdgeTableViewController.m */ = {isa = PBXFileReference; lastKnownFileType = sourcecode.c.objc; path = ZJTestUIRectEdgeTableViewController.m; sourceTree = "<group>"; };
		38CC76092254BED20045F4F4 /* ZJWrapView.h */ = {isa = PBXFileReference; fileEncoding = 4; lastKnownFileType = sourcecode.c.h; path = ZJWrapView.h; sourceTree = "<group>"; };
		38CC760A2254BED20045F4F4 /* ZJAboutView.h */ = {isa = PBXFileReference; fileEncoding = 4; lastKnownFileType = sourcecode.c.h; path = ZJAboutView.h; sourceTree = "<group>"; };
		38CC760B2254BED20045F4F4 /* ZJWrapView.m */ = {isa = PBXFileReference; fileEncoding = 4; lastKnownFileType = sourcecode.c.objc; path = ZJWrapView.m; sourceTree = "<group>"; };
		38CC760C2254BED20045F4F4 /* ZJAboutView.m */ = {isa = PBXFileReference; fileEncoding = 4; lastKnownFileType = sourcecode.c.objc; path = ZJAboutView.m; sourceTree = "<group>"; };
		38CC760D2254BED20045F4F4 /* ZJAboutView.xib */ = {isa = PBXFileReference; fileEncoding = 4; lastKnownFileType = file.xib; path = ZJAboutView.xib; sourceTree = "<group>"; };
/* End PBXFileReference section */

/* Begin PBXFrameworksBuildPhase section */
		3834E4C62243989F00C23476 /* Frameworks */ = {
			isa = PBXFrameworksBuildPhase;
			buildActionMask = 2147483647;
			files = (
			);
			runOnlyForDeploymentPostprocessing = 0;
		};
		3834E4E1224398A000C23476 /* Frameworks */ = {
			isa = PBXFrameworksBuildPhase;
			buildActionMask = 2147483647;
			files = (
			);
			runOnlyForDeploymentPostprocessing = 0;
		};
		3834E4EC224398A000C23476 /* Frameworks */ = {
			isa = PBXFrameworksBuildPhase;
			buildActionMask = 2147483647;
			files = (
			);
			runOnlyForDeploymentPostprocessing = 0;
		};
/* End PBXFrameworksBuildPhase section */

/* Begin PBXGroup section */
		381B089F2255B1C2008F2D7C /* clearTableVC */ = {
			isa = PBXGroup;
			children = (
				381B08A02255B225008F2D7C /* ZJClearTableViewController.h */,
				381B08A12255B225008F2D7C /* ZJClearTableViewController.m */,
				381B08A32255EF86008F2D7C /* ZJNoClearTableViewController.h */,
				381B08A42255EF86008F2D7C /* ZJNoClearTableViewController.m */,
			);
			path = clearTableVC;
			sourceTree = "<group>";
		};
		381B08A92255FC55008F2D7C /* ZJButton */ = {
			isa = PBXGroup;
			children = (
				381B08BB2255FC76008F2D7C /* ZJCornerButton.h */,
				381B08B72255FC75008F2D7C /* ZJCornerButton.m */,
				381B08B82255FC76008F2D7C /* ZJSelectButton.h */,
				381B08BC2255FC76008F2D7C /* ZJSelectButton.m */,
				381B08BD2255FC76008F2D7C /* ZJEditButton.h */,
				381B08BA2255FC76008F2D7C /* ZJEditButton.m */,
				381B08B62255FC75008F2D7C /* ZJPullDownButton.h */,
				381B08B92255FC76008F2D7C /* ZJPullDownButton.m */,
			);
			path = ZJButton;
			sourceTree = "<group>";
		};
		381B08C22255FD05008F2D7C /* Defines */ = {
			isa = PBXGroup;
			children = (
				38066325224A04D600CFE479 /* ZJDefine.h */,
				381B08A72255F5C2008F2D7C /* ZJLayoutDefines.h */,
				381B08A62255F41A008F2D7C /* ZJScrollViewDefines.h */,
				381B08A82255F801008F2D7C /* ZJOtherDefines.h */,
			);
			path = Defines;
			sourceTree = "<group>";
		};
		381B08C32255FF6C008F2D7C /* tableViewCell */ = {
			isa = PBXGroup;
			children = (
				381B08C42255FF86008F2D7C /* ZJNormalTableViewCell.h */,
				381B08C52255FF86008F2D7C /* ZJNormalTableViewCell.m */,
			);
			path = tableViewCell;
			sourceTree = "<group>";
		};
		3834E4C02243989F00C23476 = {
			isa = PBXGroup;
			children = (
				3834E4CB2243989F00C23476 /* ZJTest */,
				3834E4E7224398A000C23476 /* ZJTestTests */,
				3834E4F2224398A000C23476 /* ZJTestUITests */,
				3834E4CA2243989F00C23476 /* Products */,
			);
			sourceTree = "<group>";
		};
		3834E4CA2243989F00C23476 /* Products */ = {
			isa = PBXGroup;
			children = (
				3834E4C92243989F00C23476 /* ZJTest.app */,
				3834E4E4224398A000C23476 /* ZJTestTests.xctest */,
				3834E4EF224398A000C23476 /* ZJTestUITests.xctest */,
			);
			name = Products;
			sourceTree = "<group>";
		};
		3834E4CB2243989F00C23476 /* ZJTest */ = {
			isa = PBXGroup;
			children = (
				3834E4CC2243989F00C23476 /* AppDelegate.h */,
				3834E4CD2243989F00C23476 /* AppDelegate.m */,
				3882334F2249D02400D444EA /* ZJMainTabBarViewController.h */,
				388233502249D02400D444EA /* ZJMainTabBarViewController.m */,
				388233682249D5E500D444EA /* Fondation */,
				388233732249D5E500D444EA /* UIKit */,
				3882336D2249D5E500D444EA /* CoreAnimation */,
				388233572249D5E500D444EA /* ZJTools */,
				3834E502224398BF00C23476 /* SupportingFIles */,
			);
			path = ZJTest;
			sourceTree = "<group>";
		};
		3834E4E7224398A000C23476 /* ZJTestTests */ = {
			isa = PBXGroup;
			children = (
				3834E4E8224398A000C23476 /* ZJTestTests.m */,
				3834E4EA224398A000C23476 /* Info.plist */,
			);
			path = ZJTestTests;
			sourceTree = "<group>";
		};
		3834E4F2224398A000C23476 /* ZJTestUITests */ = {
			isa = PBXGroup;
			children = (
				3834E4F3224398A000C23476 /* ZJTestUITests.m */,
				3834E4F5224398A000C23476 /* Info.plist */,
			);
			path = ZJTestUITests;
			sourceTree = "<group>";
		};
		3834E502224398BF00C23476 /* SupportingFIles */ = {
			isa = PBXGroup;
			children = (
				3834E51222439BFF00C23476 /* PrefixHeader.pch */,
				3834E4D8224398A000C23476 /* Assets.xcassets */,
				3834E4DA224398A000C23476 /* LaunchScreen.storyboard */,
				3834E4DD224398A000C23476 /* Info.plist */,
				3834E4DE224398A000C23476 /* main.m */,
				3834E4D52243989F00C23476 /* ZJTest.xcdatamodeld */,
			);
			name = SupportingFIles;
			sourceTree = "<group>";
		};
		387FA23C2254ACB8001E5B98 /* Model */ = {
			isa = PBXGroup;
			children = (
				387FA2442254ACC4001E5B98 /* ZJAlertObject.h */,
				387FA2462254ACC5001E5B98 /* ZJAlertObject.m */,
				387FA2432254ACC4001E5B98 /* ZJMentionObject.h */,
				387FA2472254ACC5001E5B98 /* ZJMentionObject.m */,
				387FA23E2254ACC3001E5B98 /* ZJModelHeaderFile.h */,
				387FA2452254ACC4001E5B98 /* ZJPageSizeObjectInfo.h */,
				387FA2422254ACC4001E5B98 /* ZJPageSizeObjectInfo.m */,
				387FA2482254ACC5001E5B98 /* ZJStandarValueObj.h */,
				387FA2412254ACC4001E5B98 /* ZJStandarValueObj.m */,
				387FA2492254ACC6001E5B98 /* ZJTimeValueObject.h */,
				387FA2402254ACC4001E5B98 /* ZJTimeValueObject.m */,
				387FA23D2254ACC3001E5B98 /* ZJValueObject.h */,
				387FA23F2254ACC4001E5B98 /* ZJValueObject.m */,
			);
			path = Model;
			sourceTree = "<group>";
		};
		388233572249D5E500D444EA /* ZJTools */ = {
			isa = PBXGroup;
			children = (
				388233672249D5E500D444EA /* ZJToolsHeadFiles.h */,
				381B08C22255FD05008F2D7C /* Defines */,
				387FA23C2254ACB8001E5B98 /* Model */,
				388233582249D5E500D444EA /* Category */,
				3882335B2249D5E500D444EA /* VC */,
				388233652249D5E500D444EA /* View */,
			);
			path = ZJTools;
			sourceTree = "<group>";
		};
		388233582249D5E500D444EA /* Category */ = {
			isa = PBXGroup;
			children = (
				387FA2332254ABB9001E5B98 /* UITextView+Placeholder.h */,
				387FA2312254ABB9001E5B98 /* UITextView+Placeholder.m */,
				387FA22A2254ABB8001E5B98 /* UIViewExt.h */,
				387FA22D2254ABB8001E5B98 /* UIViewExt.m */,
				387FA22E2254ABB8001E5B98 /* ZJCategoryHeaderFile.h */,
				387FA22C2254ABB8001E5B98 /* ZJControllerCategory.h */,
				387FA2292254ABB8001E5B98 /* ZJControllerCategory.m */,
				387FA2352254ABB9001E5B98 /* ZJFondationCategory.h */,
				387FA22F2254ABB8001E5B98 /* ZJFondationCategory.m */,
				387FA2302254ABB9001E5B98 /* ZJNSObjectCategory.h */,
				387FA2342254ABB9001E5B98 /* ZJNSObjectCategory.m */,
				387FA22B2254ABB8001E5B98 /* ZJUIViewCategory.h */,
				387FA2322254ABB9001E5B98 /* ZJUIViewCategory.m */,
			);
			path = Category;
			sourceTree = "<group>";
		};
		3882335B2249D5E500D444EA /* VC */ = {
			isa = PBXGroup;
			children = (
				3882335F2249D5E500D444EA /* ZJVCHeaderFiles.h */,
				388233632249D5E500D444EA /* ZJNavigationController.h */,
				388233642249D5E500D444EA /* ZJNavigationController.m */,
				3882335C2249D5E500D444EA /* tableVC */,
				388233602249D5E500D444EA /* basicVC */,
			);
			path = VC;
			sourceTree = "<group>";
		};
		3882335C2249D5E500D444EA /* tableVC */ = {
			isa = PBXGroup;
			children = (
				3882335E2249D5E500D444EA /* ZJNormalTableViewController.h */,
				3882335D2249D5E500D444EA /* ZJNormalTableViewController.m */,
				381B089F2255B1C2008F2D7C /* clearTableVC */,
			);
			path = tableVC;
			sourceTree = "<group>";
		};
		388233602249D5E500D444EA /* basicVC */ = {
			isa = PBXGroup;
			children = (
				388233622249D5E500D444EA /* ZJNormalViewController.h */,
				388233612249D5E500D444EA /* ZJNormalViewController.m */,
			);
			path = basicVC;
			sourceTree = "<group>";
		};
		388233652249D5E500D444EA /* View */ = {
			isa = PBXGroup;
			children = (
				388233662249D5E500D444EA /* ZJViewHeaderFiles.h */,
				381B08C32255FF6C008F2D7C /* tableViewCell */,
				381B08A92255FC55008F2D7C /* ZJButton */,
				38CC76082254BED20045F4F4 /* iconView */,
			);
			path = View;
			sourceTree = "<group>";
		};
		388233682249D5E500D444EA /* Fondation */ = {
			isa = PBXGroup;
			children = (
				3882336B2249D5E500D444EA /* ZJTestFodationTableViewController.h */,
				388233692249D5E500D444EA /* ZJTestFodationTableViewController.m */,
				3882336C2249D5E500D444EA /* ZJTestNSStringViewController.h */,
				3882336A2249D5E500D444EA /* ZJTestNSStringViewController.m */,
			);
			path = Fondation;
			sourceTree = "<group>";
		};
		3882336D2249D5E500D444EA /* CoreAnimation */ = {
			isa = PBXGroup;
			children = (
				388233722249D5E500D444EA /* ZJTestCAAnimationTableViewController.h */,
				3882336E2249D5E500D444EA /* ZJTestCAAnimationTableViewController.m */,
				388233712249D5E500D444EA /* ZJTestCAGradientLayerViewController.h */,
				388233702249D5E500D444EA /* ZJTestCAGradientLayerViewController.m */,
			);
			path = CoreAnimation;
			sourceTree = "<group>";
		};
		388233732249D5E500D444EA /* UIKit */ = {
			isa = PBXGroup;
			children = (
				388233752249D5E500D444EA /* ZJTestUIKitTableViewController.h */,
				388233742249D5E500D444EA /* ZJTestUIKitTableViewController.m */,
				38AF1434224B601200905E37 /* ZJTestSliderViewController.h */,
				38AF1435224B601200905E37 /* ZJTestSliderViewController.m */,
				3878A2DD225373B900190EDB /* ZJTestNavigationBarViewController.h */,
				3878A2DE225373B900190EDB /* ZJTestNavigationBarViewController.m */,
				38CC76052254BE510045F4F4 /* ZJTestUIRectEdgeTableViewController.h */,
				38CC76062254BE510045F4F4 /* ZJTestUIRectEdgeTableViewController.m */,
			);
			path = UIKit;
			sourceTree = "<group>";
		};
		38CC76082254BED20045F4F4 /* iconView */ = {
			isa = PBXGroup;
			children = (
				38CC76092254BED20045F4F4 /* ZJWrapView.h */,
				38CC760B2254BED20045F4F4 /* ZJWrapView.m */,
				38CC760A2254BED20045F4F4 /* ZJAboutView.h */,
				38CC760C2254BED20045F4F4 /* ZJAboutView.m */,
				38CC760D2254BED20045F4F4 /* ZJAboutView.xib */,
			);
			path = iconView;
			sourceTree = "<group>";
		};
/* End PBXGroup section */

/* Begin PBXNativeTarget section */
		3834E4C82243989F00C23476 /* ZJTest */ = {
			isa = PBXNativeTarget;
			buildConfigurationList = 3834E4F8224398A000C23476 /* Build configuration list for PBXNativeTarget "ZJTest" */;
			buildPhases = (
				3834E4C52243989F00C23476 /* Sources */,
				3834E4C62243989F00C23476 /* Frameworks */,
				3834E4C72243989F00C23476 /* Resources */,
			);
			buildRules = (
			);
			dependencies = (
			);
			name = ZJTest;
			productName = ZJTest;
			productReference = 3834E4C92243989F00C23476 /* ZJTest.app */;
			productType = "com.apple.product-type.application";
		};
		3834E4E3224398A000C23476 /* ZJTestTests */ = {
			isa = PBXNativeTarget;
			buildConfigurationList = 3834E4FB224398A000C23476 /* Build configuration list for PBXNativeTarget "ZJTestTests" */;
			buildPhases = (
				3834E4E0224398A000C23476 /* Sources */,
				3834E4E1224398A000C23476 /* Frameworks */,
				3834E4E2224398A000C23476 /* Resources */,
			);
			buildRules = (
			);
			dependencies = (
				3834E4E6224398A000C23476 /* PBXTargetDependency */,
			);
			name = ZJTestTests;
			productName = ZJTestTests;
			productReference = 3834E4E4224398A000C23476 /* ZJTestTests.xctest */;
			productType = "com.apple.product-type.bundle.unit-test";
		};
		3834E4EE224398A000C23476 /* ZJTestUITests */ = {
			isa = PBXNativeTarget;
			buildConfigurationList = 3834E4FE224398A000C23476 /* Build configuration list for PBXNativeTarget "ZJTestUITests" */;
			buildPhases = (
				3834E4EB224398A000C23476 /* Sources */,
				3834E4EC224398A000C23476 /* Frameworks */,
				3834E4ED224398A000C23476 /* Resources */,
			);
			buildRules = (
			);
			dependencies = (
				3834E4F1224398A000C23476 /* PBXTargetDependency */,
			);
			name = ZJTestUITests;
			productName = ZJTestUITests;
			productReference = 3834E4EF224398A000C23476 /* ZJTestUITests.xctest */;
			productType = "com.apple.product-type.bundle.ui-testing";
		};
/* End PBXNativeTarget section */

/* Begin PBXProject section */
		3834E4C12243989F00C23476 /* Project object */ = {
			isa = PBXProject;
			attributes = {
				CLASSPREFIX = ZJTest;
				LastUpgradeCheck = 1010;
				ORGANIZATIONNAME = HY;
				TargetAttributes = {
					3834E4C82243989F00C23476 = {
						CreatedOnToolsVersion = 10.1;
					};
					3834E4E3224398A000C23476 = {
						CreatedOnToolsVersion = 10.1;
						TestTargetID = 3834E4C82243989F00C23476;
					};
					3834E4EE224398A000C23476 = {
						CreatedOnToolsVersion = 10.1;
						TestTargetID = 3834E4C82243989F00C23476;
					};
				};
			};
			buildConfigurationList = 3834E4C42243989F00C23476 /* Build configuration list for PBXProject "ZJTest" */;
			compatibilityVersion = "Xcode 9.3";
			developmentRegion = en;
			hasScannedForEncodings = 0;
			knownRegions = (
				en,
				Base,
			);
			mainGroup = 3834E4C02243989F00C23476;
			productRefGroup = 3834E4CA2243989F00C23476 /* Products */;
			projectDirPath = "";
			projectRoot = "";
			targets = (
				3834E4C82243989F00C23476 /* ZJTest */,
				3834E4E3224398A000C23476 /* ZJTestTests */,
				3834E4EE224398A000C23476 /* ZJTestUITests */,
			);
		};
/* End PBXProject section */

/* Begin PBXResourcesBuildPhase section */
		3834E4C72243989F00C23476 /* Resources */ = {
			isa = PBXResourcesBuildPhase;
			buildActionMask = 2147483647;
			files = (
				3834E4DC224398A000C23476 /* LaunchScreen.storyboard in Resources */,
				3834E4D9224398A000C23476 /* Assets.xcassets in Resources */,
				38CC76102254BED20045F4F4 /* ZJAboutView.xib in Resources */,
			);
			runOnlyForDeploymentPostprocessing = 0;
		};
		3834E4E2224398A000C23476 /* Resources */ = {
			isa = PBXResourcesBuildPhase;
			buildActionMask = 2147483647;
			files = (
			);
			runOnlyForDeploymentPostprocessing = 0;
		};
		3834E4ED224398A000C23476 /* Resources */ = {
			isa = PBXResourcesBuildPhase;
			buildActionMask = 2147483647;
			files = (
			);
			runOnlyForDeploymentPostprocessing = 0;
		};
/* End PBXResourcesBuildPhase section */

/* Begin PBXSourcesBuildPhase section */
		3834E4C52243989F00C23476 /* Sources */ = {
			isa = PBXSourcesBuildPhase;
			buildActionMask = 2147483647;
			files = (
				387FA2382254ABBA001E5B98 /* ZJFondationCategory.m in Sources */,
				387FA2372254ABBA001E5B98 /* UIViewExt.m in Sources */,
				3882337B2249D5E500D444EA /* ZJTestNSStringViewController.m in Sources */,
				3834E4D72243989F00C23476 /* ZJTest.xcdatamodeld in Sources */,
				38CC760E2254BED20045F4F4 /* ZJWrapView.m in Sources */,
				387FA24A2254ACC6001E5B98 /* ZJValueObject.m in Sources */,
				387FA23A2254ABBA001E5B98 /* ZJUIViewCategory.m in Sources */,
				3882337E2249D5E500D444EA /* ZJTestCAGradientLayerViewController.m in Sources */,
				3834E4DF224398A000C23476 /* main.m in Sources */,
				387FA24D2254ACC6001E5B98 /* ZJPageSizeObjectInfo.m in Sources */,
				3882337A2249D5E500D444EA /* ZJTestFodationTableViewController.m in Sources */,
				387FA2392254ABBA001E5B98 /* UITextView+Placeholder.m in Sources */,
				3878A2DF225373B900190EDB /* ZJTestNavigationBarViewController.m in Sources */,
				38AF1436224B601200905E37 /* ZJTestSliderViewController.m in Sources */,
				387FA24E2254ACC6001E5B98 /* ZJAlertObject.m in Sources */,
				381B08BF2255FC76008F2D7C /* ZJPullDownButton.m in Sources */,
				3882337F2249D5E500D444EA /* ZJTestUIKitTableViewController.m in Sources */,
				381B08A52255EF86008F2D7C /* ZJNoClearTableViewController.m in Sources */,
				388233772249D5E500D444EA /* ZJNormalTableViewController.m in Sources */,
				381B08C02255FC76008F2D7C /* ZJEditButton.m in Sources */,
				38CC760F2254BED20045F4F4 /* ZJAboutView.m in Sources */,
				3882337C2249D5E500D444EA /* ZJTestCAAnimationTableViewController.m in Sources */,
				381B08BE2255FC76008F2D7C /* ZJCornerButton.m in Sources */,
				387FA24F2254ACC6001E5B98 /* ZJMentionObject.m in Sources */,
				387FA24C2254ACC6001E5B98 /* ZJStandarValueObj.m in Sources */,
				38CC76072254BE510045F4F4 /* ZJTestUIRectEdgeTableViewController.m in Sources */,
				388233792249D5E500D444EA /* ZJNavigationController.m in Sources */,
				388233782249D5E500D444EA /* ZJNormalViewController.m in Sources */,
				387FA24B2254ACC6001E5B98 /* ZJTimeValueObject.m in Sources */,
				388233512249D02400D444EA /* ZJMainTabBarViewController.m in Sources */,
				381B08C62255FF86008F2D7C /* ZJNormalTableViewCell.m in Sources */,
				387FA23B2254ABBA001E5B98 /* ZJNSObjectCategory.m in Sources */,
				381B08A22255B225008F2D7C /* ZJClearTableViewController.m in Sources */,
				387FA2362254ABBA001E5B98 /* ZJControllerCategory.m in Sources */,
				381B08C12255FC76008F2D7C /* ZJSelectButton.m in Sources */,
				3834E4CE2243989F00C23476 /* AppDelegate.m in Sources */,
			);
			runOnlyForDeploymentPostprocessing = 0;
		};
		3834E4E0224398A000C23476 /* Sources */ = {
			isa = PBXSourcesBuildPhase;
			buildActionMask = 2147483647;
			files = (
				3834E4E9224398A000C23476 /* ZJTestTests.m in Sources */,
			);
			runOnlyForDeploymentPostprocessing = 0;
		};
		3834E4EB224398A000C23476 /* Sources */ = {
			isa = PBXSourcesBuildPhase;
			buildActionMask = 2147483647;
			files = (
				3834E4F4224398A000C23476 /* ZJTestUITests.m in Sources */,
			);
			runOnlyForDeploymentPostprocessing = 0;
		};
/* End PBXSourcesBuildPhase section */

/* Begin PBXTargetDependency section */
		3834E4E6224398A000C23476 /* PBXTargetDependency */ = {
			isa = PBXTargetDependency;
			target = 3834E4C82243989F00C23476 /* ZJTest */;
			targetProxy = 3834E4E5224398A000C23476 /* PBXContainerItemProxy */;
		};
		3834E4F1224398A000C23476 /* PBXTargetDependency */ = {
			isa = PBXTargetDependency;
			target = 3834E4C82243989F00C23476 /* ZJTest */;
			targetProxy = 3834E4F0224398A000C23476 /* PBXContainerItemProxy */;
		};
/* End PBXTargetDependency section */

/* Begin PBXVariantGroup section */
		3834E4DA224398A000C23476 /* LaunchScreen.storyboard */ = {
			isa = PBXVariantGroup;
			children = (
				3834E4DB224398A000C23476 /* Base */,
			);
			name = LaunchScreen.storyboard;
			sourceTree = "<group>";
		};
/* End PBXVariantGroup section */

/* Begin XCBuildConfiguration section */
		3834E4F6224398A000C23476 /* Debug */ = {
			isa = XCBuildConfiguration;
			buildSettings = {
				ALWAYS_SEARCH_USER_PATHS = NO;
				CLANG_ANALYZER_NONNULL = YES;
				CLANG_ANALYZER_NUMBER_OBJECT_CONVERSION = YES_AGGRESSIVE;
				CLANG_CXX_LANGUAGE_STANDARD = "gnu++14";
				CLANG_CXX_LIBRARY = "libc++";
				CLANG_ENABLE_MODULES = YES;
				CLANG_ENABLE_OBJC_ARC = YES;
				CLANG_ENABLE_OBJC_WEAK = YES;
				CLANG_WARN_BLOCK_CAPTURE_AUTORELEASING = YES;
				CLANG_WARN_BOOL_CONVERSION = YES;
				CLANG_WARN_COMMA = YES;
				CLANG_WARN_CONSTANT_CONVERSION = YES;
				CLANG_WARN_DEPRECATED_OBJC_IMPLEMENTATIONS = YES;
				CLANG_WARN_DIRECT_OBJC_ISA_USAGE = YES_ERROR;
				CLANG_WARN_DOCUMENTATION_COMMENTS = YES;
				CLANG_WARN_EMPTY_BODY = YES;
				CLANG_WARN_ENUM_CONVERSION = YES;
				CLANG_WARN_INFINITE_RECURSION = YES;
				CLANG_WARN_INT_CONVERSION = YES;
				CLANG_WARN_NON_LITERAL_NULL_CONVERSION = YES;
				CLANG_WARN_OBJC_IMPLICIT_RETAIN_SELF = YES;
				CLANG_WARN_OBJC_LITERAL_CONVERSION = YES;
				CLANG_WARN_OBJC_ROOT_CLASS = YES_ERROR;
				CLANG_WARN_RANGE_LOOP_ANALYSIS = YES;
				CLANG_WARN_STRICT_PROTOTYPES = YES;
				CLANG_WARN_SUSPICIOUS_MOVE = YES;
				CLANG_WARN_UNGUARDED_AVAILABILITY = YES_AGGRESSIVE;
				CLANG_WARN_UNREACHABLE_CODE = YES;
				CLANG_WARN__DUPLICATE_METHOD_MATCH = YES;
				CODE_SIGN_IDENTITY = "iPhone Developer";
				COPY_PHASE_STRIP = NO;
				DEBUG_INFORMATION_FORMAT = dwarf;
				ENABLE_STRICT_OBJC_MSGSEND = YES;
				ENABLE_TESTABILITY = YES;
				GCC_C_LANGUAGE_STANDARD = gnu11;
				GCC_DYNAMIC_NO_PIC = NO;
				GCC_NO_COMMON_BLOCKS = YES;
				GCC_OPTIMIZATION_LEVEL = 0;
				GCC_PREPROCESSOR_DEFINITIONS = (
					"DEBUG=1",
					"$(inherited)",
				);
				GCC_WARN_64_TO_32_BIT_CONVERSION = YES;
				GCC_WARN_ABOUT_RETURN_TYPE = YES_ERROR;
				GCC_WARN_UNDECLARED_SELECTOR = YES;
				GCC_WARN_UNINITIALIZED_AUTOS = YES_AGGRESSIVE;
				GCC_WARN_UNUSED_FUNCTION = YES;
				GCC_WARN_UNUSED_VARIABLE = YES;
				IPHONEOS_DEPLOYMENT_TARGET = 12.1;
				MTL_ENABLE_DEBUG_INFO = INCLUDE_SOURCE;
				MTL_FAST_MATH = YES;
				ONLY_ACTIVE_ARCH = YES;
				SDKROOT = iphoneos;
			};
			name = Debug;
		};
		3834E4F7224398A000C23476 /* Release */ = {
			isa = XCBuildConfiguration;
			buildSettings = {
				ALWAYS_SEARCH_USER_PATHS = NO;
				CLANG_ANALYZER_NONNULL = YES;
				CLANG_ANALYZER_NUMBER_OBJECT_CONVERSION = YES_AGGRESSIVE;
				CLANG_CXX_LANGUAGE_STANDARD = "gnu++14";
				CLANG_CXX_LIBRARY = "libc++";
				CLANG_ENABLE_MODULES = YES;
				CLANG_ENABLE_OBJC_ARC = YES;
				CLANG_ENABLE_OBJC_WEAK = YES;
				CLANG_WARN_BLOCK_CAPTURE_AUTORELEASING = YES;
				CLANG_WARN_BOOL_CONVERSION = YES;
				CLANG_WARN_COMMA = YES;
				CLANG_WARN_CONSTANT_CONVERSION = YES;
				CLANG_WARN_DEPRECATED_OBJC_IMPLEMENTATIONS = YES;
				CLANG_WARN_DIRECT_OBJC_ISA_USAGE = YES_ERROR;
				CLANG_WARN_DOCUMENTATION_COMMENTS = YES;
				CLANG_WARN_EMPTY_BODY = YES;
				CLANG_WARN_ENUM_CONVERSION = YES;
				CLANG_WARN_INFINITE_RECURSION = YES;
				CLANG_WARN_INT_CONVERSION = YES;
				CLANG_WARN_NON_LITERAL_NULL_CONVERSION = YES;
				CLANG_WARN_OBJC_IMPLICIT_RETAIN_SELF = YES;
				CLANG_WARN_OBJC_LITERAL_CONVERSION = YES;
				CLANG_WARN_OBJC_ROOT_CLASS = YES_ERROR;
				CLANG_WARN_RANGE_LOOP_ANALYSIS = YES;
				CLANG_WARN_STRICT_PROTOTYPES = YES;
				CLANG_WARN_SUSPICIOUS_MOVE = YES;
				CLANG_WARN_UNGUARDED_AVAILABILITY = YES_AGGRESSIVE;
				CLANG_WARN_UNREACHABLE_CODE = YES;
				CLANG_WARN__DUPLICATE_METHOD_MATCH = YES;
				CODE_SIGN_IDENTITY = "iPhone Developer";
				COPY_PHASE_STRIP = NO;
				DEBUG_INFORMATION_FORMAT = "dwarf-with-dsym";
				ENABLE_NS_ASSERTIONS = NO;
				ENABLE_STRICT_OBJC_MSGSEND = YES;
				GCC_C_LANGUAGE_STANDARD = gnu11;
				GCC_NO_COMMON_BLOCKS = YES;
				GCC_WARN_64_TO_32_BIT_CONVERSION = YES;
				GCC_WARN_ABOUT_RETURN_TYPE = YES_ERROR;
				GCC_WARN_UNDECLARED_SELECTOR = YES;
				GCC_WARN_UNINITIALIZED_AUTOS = YES_AGGRESSIVE;
				GCC_WARN_UNUSED_FUNCTION = YES;
				GCC_WARN_UNUSED_VARIABLE = YES;
				IPHONEOS_DEPLOYMENT_TARGET = 12.1;
				MTL_ENABLE_DEBUG_INFO = NO;
				MTL_FAST_MATH = YES;
				SDKROOT = iphoneos;
				VALIDATE_PRODUCT = YES;
			};
			name = Release;
		};
		3834E4F9224398A000C23476 /* Debug */ = {
			isa = XCBuildConfiguration;
			buildSettings = {
				ASSETCATALOG_COMPILER_APPICON_NAME = AppIcon;
				CODE_SIGN_STYLE = Automatic;
				DEVELOPMENT_TEAM = 7955BVLGNM;
				GCC_PRECOMPILE_PREFIX_HEADER = YES;
				GCC_PREFIX_HEADER = "$(SRCROOT)/ZJTest/PrefixHeader.pch";
				INFOPLIST_FILE = ZJTest/Info.plist;
				IPHONEOS_DEPLOYMENT_TARGET = 8.0;
				LD_RUNPATH_SEARCH_PATHS = (
					"$(inherited)",
					"@executable_path/Frameworks",
				);
				PRODUCT_BUNDLE_IDENTIFIER = com.hanyouapp.ZJTest;
				PRODUCT_NAME = "$(TARGET_NAME)";
				TARGETED_DEVICE_FAMILY = "1,2";
			};
			name = Debug;
		};
		3834E4FA224398A000C23476 /* Release */ = {
			isa = XCBuildConfiguration;
			buildSettings = {
				ASSETCATALOG_COMPILER_APPICON_NAME = AppIcon;
				CODE_SIGN_STYLE = Automatic;
				DEVELOPMENT_TEAM = 7955BVLGNM;
				GCC_PRECOMPILE_PREFIX_HEADER = YES;
				GCC_PREFIX_HEADER = "$(SRCROOT)/ZJTest/PrefixHeader.pch";
				INFOPLIST_FILE = ZJTest/Info.plist;
				IPHONEOS_DEPLOYMENT_TARGET = 8.0;
				LD_RUNPATH_SEARCH_PATHS = (
					"$(inherited)",
					"@executable_path/Frameworks",
				);
				PRODUCT_BUNDLE_IDENTIFIER = com.hanyouapp.ZJTest;
				PRODUCT_NAME = "$(TARGET_NAME)";
				TARGETED_DEVICE_FAMILY = "1,2";
			};
			name = Release;
		};
		3834E4FC224398A000C23476 /* Debug */ = {
			isa = XCBuildConfiguration;
			buildSettings = {
				BUNDLE_LOADER = "$(TEST_HOST)";
				CODE_SIGN_STYLE = Automatic;
				DEVELOPMENT_TEAM = 7955BVLGNM;
				INFOPLIST_FILE = ZJTestTests/Info.plist;
				LD_RUNPATH_SEARCH_PATHS = (
					"$(inherited)",
					"@executable_path/Frameworks",
					"@loader_path/Frameworks",
				);
				PRODUCT_BUNDLE_IDENTIFIER = com.hanyouapp.ZJTestTests;
				PRODUCT_NAME = "$(TARGET_NAME)";
				TARGETED_DEVICE_FAMILY = "1,2";
				TEST_HOST = "$(BUILT_PRODUCTS_DIR)/ZJTest.app/ZJTest";
			};
			name = Debug;
		};
		3834E4FD224398A000C23476 /* Release */ = {
			isa = XCBuildConfiguration;
			buildSettings = {
				BUNDLE_LOADER = "$(TEST_HOST)";
				CODE_SIGN_STYLE = Automatic;
				DEVELOPMENT_TEAM = 7955BVLGNM;
				INFOPLIST_FILE = ZJTestTests/Info.plist;
				LD_RUNPATH_SEARCH_PATHS = (
					"$(inherited)",
					"@executable_path/Frameworks",
					"@loader_path/Frameworks",
				);
				PRODUCT_BUNDLE_IDENTIFIER = com.hanyouapp.ZJTestTests;
				PRODUCT_NAME = "$(TARGET_NAME)";
				TARGETED_DEVICE_FAMILY = "1,2";
				TEST_HOST = "$(BUILT_PRODUCTS_DIR)/ZJTest.app/ZJTest";
			};
			name = Release;
		};
		3834E4FF224398A000C23476 /* Debug */ = {
			isa = XCBuildConfiguration;
			buildSettings = {
				CODE_SIGN_STYLE = Automatic;
				DEVELOPMENT_TEAM = 7955BVLGNM;
				INFOPLIST_FILE = ZJTestUITests/Info.plist;
				LD_RUNPATH_SEARCH_PATHS = (
					"$(inherited)",
					"@executable_path/Frameworks",
					"@loader_path/Frameworks",
				);
				PRODUCT_BUNDLE_IDENTIFIER = com.hanyouapp.ZJTestUITests;
				PRODUCT_NAME = "$(TARGET_NAME)";
				TARGETED_DEVICE_FAMILY = "1,2";
				TEST_TARGET_NAME = ZJTest;
			};
			name = Debug;
		};
		3834E500224398A000C23476 /* Release */ = {
			isa = XCBuildConfiguration;
			buildSettings = {
				CODE_SIGN_STYLE = Automatic;
				DEVELOPMENT_TEAM = 7955BVLGNM;
				INFOPLIST_FILE = ZJTestUITests/Info.plist;
				LD_RUNPATH_SEARCH_PATHS = (
					"$(inherited)",
					"@executable_path/Frameworks",
					"@loader_path/Frameworks",
				);
				PRODUCT_BUNDLE_IDENTIFIER = com.hanyouapp.ZJTestUITests;
				PRODUCT_NAME = "$(TARGET_NAME)";
				TARGETED_DEVICE_FAMILY = "1,2";
				TEST_TARGET_NAME = ZJTest;
			};
			name = Release;
		};
/* End XCBuildConfiguration section */

/* Begin XCConfigurationList section */
		3834E4C42243989F00C23476 /* Build configuration list for PBXProject "ZJTest" */ = {
			isa = XCConfigurationList;
			buildConfigurations = (
				3834E4F6224398A000C23476 /* Debug */,
				3834E4F7224398A000C23476 /* Release */,
			);
			defaultConfigurationIsVisible = 0;
			defaultConfigurationName = Release;
		};
		3834E4F8224398A000C23476 /* Build configuration list for PBXNativeTarget "ZJTest" */ = {
			isa = XCConfigurationList;
			buildConfigurations = (
				3834E4F9224398A000C23476 /* Debug */,
				3834E4FA224398A000C23476 /* Release */,
			);
			defaultConfigurationIsVisible = 0;
			defaultConfigurationName = Release;
		};
		3834E4FB224398A000C23476 /* Build configuration list for PBXNativeTarget "ZJTestTests" */ = {
			isa = XCConfigurationList;
			buildConfigurations = (
				3834E4FC224398A000C23476 /* Debug */,
				3834E4FD224398A000C23476 /* Release */,
			);
			defaultConfigurationIsVisible = 0;
			defaultConfigurationName = Release;
		};
		3834E4FE224398A000C23476 /* Build configuration list for PBXNativeTarget "ZJTestUITests" */ = {
			isa = XCConfigurationList;
			buildConfigurations = (
				3834E4FF224398A000C23476 /* Debug */,
				3834E500224398A000C23476 /* Release */,
			);
			defaultConfigurationIsVisible = 0;
			defaultConfigurationName = Release;
		};
/* End XCConfigurationList section */

/* Begin XCVersionGroup section */
		3834E4D52243989F00C23476 /* ZJTest.xcdatamodeld */ = {
			isa = XCVersionGroup;
			children = (
				3834E4D62243989F00C23476 /* ZJTest.xcdatamodel */,
			);
			currentVersion = 3834E4D62243989F00C23476 /* ZJTest.xcdatamodel */;
			path = ZJTest.xcdatamodeld;
			sourceTree = "<group>";
			versionGroupType = wrapper.xcdatamodel;
		};
/* End XCVersionGroup section */
	};
	rootObject = 3834E4C12243989F00C23476 /* Project object */;
}
