// !$*UTF8*$!
{
	archiveVersion = 1;
	classes = {
	};
	objectVersion = 50;
	objects = {

/* Begin PBXBuildFile section */
		381B08A22255B225008F2D7C /* ZJClearTableViewController.m in Sources */ = {isa = PBXBuildFile; fileRef = 381B08A12255B225008F2D7C /* ZJClearTableViewController.m */; };
		381B08A52255EF86008F2D7C /* ZJNoClearTableViewController.m in Sources */ = {isa = PBXBuildFile; fileRef = 381B08A42255EF86008F2D7C /* ZJNoClearTableViewController.m */; };
		381B08BE2255FC76008F2D7C /* ZJCornerButton.m in Sources */ = {isa = PBXBuildFile; fileRef = 381B08B72255FC75008F2D7C /* ZJCornerButton.m */; };
		381B08C12255FC76008F2D7C /* ZJSelectButton.m in Sources */ = {isa = PBXBuildFile; fileRef = 381B08BC2255FC76008F2D7C /* ZJSelectButton.m */; };
		381B08C62255FF86008F2D7C /* ZJNormalTableViewCell.m in Sources */ = {isa = PBXBuildFile; fileRef = 381B08C52255FF86008F2D7C /* ZJNormalTableViewCell.m */; };
		3834E4CE2243989F00C23476 /* AppDelegate.m in Sources */ = {isa = PBXBuildFile; fileRef = 3834E4CD2243989F00C23476 /* AppDelegate.m */; };
		3834E4D72243989F00C23476 /* ZJTest.xcdatamodeld in Sources */ = {isa = PBXBuildFile; fileRef = 3834E4D52243989F00C23476 /* ZJTest.xcdatamodeld */; };
		3834E4D9224398A000C23476 /* Assets.xcassets in Resources */ = {isa = PBXBuildFile; fileRef = 3834E4D8224398A000C23476 /* Assets.xcassets */; };
		3834E4DC224398A000C23476 /* LaunchScreen.storyboard in Resources */ = {isa = PBXBuildFile; fileRef = 3834E4DA224398A000C23476 /* LaunchScreen.storyboard */; };
		3834E4DF224398A000C23476 /* main.m in Sources */ = {isa = PBXBuildFile; fileRef = 3834E4DE224398A000C23476 /* main.m */; };
		3834E4E9224398A000C23476 /* ZJTestTests.m in Sources */ = {isa = PBXBuildFile; fileRef = 3834E4E8224398A000C23476 /* ZJTestTests.m */; };
		3834E4F4224398A000C23476 /* ZJTestUITests.m in Sources */ = {isa = PBXBuildFile; fileRef = 3834E4F3224398A000C23476 /* ZJTestUITests.m */; };
		3847368A2261D5EA00E2C870 /* mysong.mp3 in Resources */ = {isa = PBXBuildFile; fileRef = 384736872261D5E600E2C870 /* mysong.mp3 */; };
		3847368B2261D5EA00E2C870 /* gezaifei.mp4 in Resources */ = {isa = PBXBuildFile; fileRef = 384736882261D5EA00E2C870 /* gezaifei.mp4 */; };
		3847368C2261D5EA00E2C870 /* alert_message.wav in Resources */ = {isa = PBXBuildFile; fileRef = 384736892261D5EA00E2C870 /* alert_message.wav */; };
		38600BF3227198FF0043A242 /* ZJIconBadgeButton.m in Sources */ = {isa = PBXBuildFile; fileRef = 38600BF2227198FF0043A242 /* ZJIconBadgeButton.m */; };
		387FA2362254ABBA001E5B98 /* ZJControllerCategory.m in Sources */ = {isa = PBXBuildFile; fileRef = 387FA2292254ABB8001E5B98 /* ZJControllerCategory.m */; };
		387FA2372254ABBA001E5B98 /* UIViewExt.m in Sources */ = {isa = PBXBuildFile; fileRef = 387FA22D2254ABB8001E5B98 /* UIViewExt.m */; };
		387FA2382254ABBA001E5B98 /* ZJFondationCategory.m in Sources */ = {isa = PBXBuildFile; fileRef = 387FA22F2254ABB8001E5B98 /* ZJFondationCategory.m */; };
		387FA2392254ABBA001E5B98 /* UITextView+Placeholder.m in Sources */ = {isa = PBXBuildFile; fileRef = 387FA2312254ABB9001E5B98 /* UITextView+Placeholder.m */; };
		387FA23A2254ABBA001E5B98 /* ZJUIViewCategory.m in Sources */ = {isa = PBXBuildFile; fileRef = 387FA2322254ABB9001E5B98 /* ZJUIViewCategory.m */; };
		387FA23B2254ABBA001E5B98 /* ZJNSObjectCategory.m in Sources */ = {isa = PBXBuildFile; fileRef = 387FA2342254ABB9001E5B98 /* ZJNSObjectCategory.m */; };
		387FA24D2254ACC6001E5B98 /* ZJPageSizeObjectInfo.m in Sources */ = {isa = PBXBuildFile; fileRef = 387FA2422254ACC4001E5B98 /* ZJPageSizeObjectInfo.m */; };
		387FA24E2254ACC6001E5B98 /* ZJAlertObject.m in Sources */ = {isa = PBXBuildFile; fileRef = 387FA2462254ACC5001E5B98 /* ZJAlertObject.m */; };
		387FA24F2254ACC6001E5B98 /* ZJMentionObject.m in Sources */ = {isa = PBXBuildFile; fileRef = 387FA2472254ACC5001E5B98 /* ZJMentionObject.m */; };
		388233772249D5E500D444EA /* ZJNormalTableViewController.m in Sources */ = {isa = PBXBuildFile; fileRef = 3882335D2249D5E500D444EA /* ZJNormalTableViewController.m */; };
		388233782249D5E500D444EA /* ZJNormalViewController.m in Sources */ = {isa = PBXBuildFile; fileRef = 388233612249D5E500D444EA /* ZJNormalViewController.m */; };
		388233792249D5E500D444EA /* ZJNavigationController.m in Sources */ = {isa = PBXBuildFile; fileRef = 388233642249D5E500D444EA /* ZJNavigationController.m */; };
		38A9584B22759F3A0001974D /* ZJMainTabBarViewController.m in Sources */ = {isa = PBXBuildFile; fileRef = 38A9584A22759F3A0001974D /* ZJMainTabBarViewController.m */; };
		38A9588222759F740001974D /* ZJTestSystemTableViewController.m in Sources */ = {isa = PBXBuildFile; fileRef = 38A9584D22759F710001974D /* ZJTestSystemTableViewController.m */; };
		38A9588322759F740001974D /* ZJTestUserAudioTableViewController.m in Sources */ = {isa = PBXBuildFile; fileRef = 38A9584F22759F710001974D /* ZJTestUserAudioTableViewController.m */; };
		38A9588422759F740001974D /* ZJTestAudioTableViewController.m in Sources */ = {isa = PBXBuildFile; fileRef = 38A9585422759F710001974D /* ZJTestAudioTableViewController.m */; };
		38A9588522759F740001974D /* ZJTestSysSettingTableViewController.m in Sources */ = {isa = PBXBuildFile; fileRef = 38A9585522759F710001974D /* ZJTestSysSettingTableViewController.m */; };
		38A9588622759F740001974D /* ZJTestLanguageTableViewController.m in Sources */ = {isa = PBXBuildFile; fileRef = 38A9585622759F710001974D /* ZJTestLanguageTableViewController.m */; };
		38A9588722759F740001974D /* ZJTestSliderViewController.m in Sources */ = {isa = PBXBuildFile; fileRef = 38A9585B22759F710001974D /* ZJTestSliderViewController.m */; };
		38A9588822759F740001974D /* ZJTestUIKitTableViewController.m in Sources */ = {isa = PBXBuildFile; fileRef = 38A9585C22759F710001974D /* ZJTestUIKitTableViewController.m */; };
		38A9588922759F740001974D /* ZJTestNavigationBarViewController.m in Sources */ = {isa = PBXBuildFile; fileRef = 38A9585F22759F710001974D /* ZJTestNavigationBarViewController.m */; };
		38A9588A22759F740001974D /* ZJTestBarButtonItemViewController.m in Sources */ = {isa = PBXBuildFile; fileRef = 38A9586222759F710001974D /* ZJTestBarButtonItemViewController.m */; };
		38A9588B22759F740001974D /* ZJTestLayoutViewController.m in Sources */ = {isa = PBXBuildFile; fileRef = 38A9586322759F710001974D /* ZJTestLayoutViewController.m */; };
		38A9588C22759F740001974D /* ZJTestImageViewController.m in Sources */ = {isa = PBXBuildFile; fileRef = 38A9586422759F710001974D /* ZJTestImageViewController.m */; };
		38A9588D22759F740001974D /* ZJTestNibHeadTableViewController.m in Sources */ = {isa = PBXBuildFile; fileRef = 38A9586522759F710001974D /* ZJTestNibHeadTableViewController.m */; };
		38A9588E22759F740001974D /* ZJTestSelectBtnViewController.m in Sources */ = {isa = PBXBuildFile; fileRef = 38A9586822759F710001974D /* ZJTestSelectBtnViewController.m */; };
		38A9588F22759F740001974D /* ZJTestAlertViewController.m in Sources */ = {isa = PBXBuildFile; fileRef = 38A9586A22759F710001974D /* ZJTestAlertViewController.m */; };
		38A9589022759F740001974D /* ZJTestUIRectEdgeTableViewController.m in Sources */ = {isa = PBXBuildFile; fileRef = 38A9586B22759F710001974D /* ZJTestUIRectEdgeTableViewController.m */; };
		38A9589122759F740001974D /* ZJTestLayoutViewController.xib in Resources */ = {isa = PBXBuildFile; fileRef = 38A9586E22759F710001974D /* ZJTestLayoutViewController.xib */; };
		38A9589222759F740001974D /* ZJTestLabelViewController.m in Sources */ = {isa = PBXBuildFile; fileRef = 38A9586F22759F710001974D /* ZJTestLabelViewController.m */; };
		38A9589722759F740001974D /* ZJTestCAAnimationTableViewController.m in Sources */ = {isa = PBXBuildFile; fileRef = 38A9587C22759F730001974D /* ZJTestCAAnimationTableViewController.m */; };
		38A9589822759F740001974D /* ZJTestCAGradientLayerViewController.m in Sources */ = {isa = PBXBuildFile; fileRef = 38A9587D22759F730001974D /* ZJTestCAGradientLayerViewController.m */; };
		38A9589922759F740001974D /* ZJTestPopTransitionTableViewController.m in Sources */ = {isa = PBXBuildFile; fileRef = 38A9587E22759F730001974D /* ZJTestPopTransitionTableViewController.m */; };
		38A9589A22759F740001974D /* ZJTestPushTransitionTableViewController.m in Sources */ = {isa = PBXBuildFile; fileRef = 38A9587F22759F730001974D /* ZJTestPushTransitionTableViewController.m */; };
		38A958A32275A14E0001974D /* ZJTestFodationTableViewController.m in Sources */ = {isa = PBXBuildFile; fileRef = 38A9589B2275A14D0001974D /* ZJTestFodationTableViewController.m */; };
		38A958A42275A14E0001974D /* ZJTestNSStringTableViewController.m in Sources */ = {isa = PBXBuildFile; fileRef = 38A9589C2275A14D0001974D /* ZJTestNSStringTableViewController.m */; };
		38A958A52275A14E0001974D /* ZJTestNSScannerViewController.m in Sources */ = {isa = PBXBuildFile; fileRef = 38A9589E2275A14D0001974D /* ZJTestNSScannerViewController.m */; };
		38A958A62275A14E0001974D /* ZJTestNSDataViewController.m in Sources */ = {isa = PBXBuildFile; fileRef = 38A958A12275A14E0001974D /* ZJTestNSDataViewController.m */; };
		38CC760E2254BED20045F4F4 /* ZJWrapView.m in Sources */ = {isa = PBXBuildFile; fileRef = 38CC760B2254BED20045F4F4 /* ZJWrapView.m */; };
		38CC760F2254BED20045F4F4 /* ZJAboutView.m in Sources */ = {isa = PBXBuildFile; fileRef = 38CC760C2254BED20045F4F4 /* ZJAboutView.m */; };
		38CC76102254BED20045F4F4 /* ZJAboutView.xib in Resources */ = {isa = PBXBuildFile; fileRef = 38CC760D2254BED20045F4F4 /* ZJAboutView.xib */; };
/* End PBXBuildFile section */

/* Begin PBXContainerItemProxy section */
		3834E4E5224398A000C23476 /* PBXContainerItemProxy */ = {
			isa = PBXContainerItemProxy;
			containerPortal = 3834E4C12243989F00C23476 /* Project object */;
			proxyType = 1;
			remoteGlobalIDString = 3834E4C82243989F00C23476;
			remoteInfo = ZJTest;
		};
		3834E4F0224398A000C23476 /* PBXContainerItemProxy */ = {
			isa = PBXContainerItemProxy;
			containerPortal = 3834E4C12243989F00C23476 /* Project object */;
			proxyType = 1;
			remoteGlobalIDString = 3834E4C82243989F00C23476;
			remoteInfo = ZJTest;
		};
/* End PBXContainerItemProxy section */

/* Begin PBXFileReference section */
		38066325224A04D600CFE479 /* ZJDefine.h */ = {isa = PBXFileReference; fileEncoding = 4; lastKnownFileType = sourcecode.c.h; path = ZJDefine.h; sourceTree = "<group>"; };
		381B08A02255B225008F2D7C /* ZJClearTableViewController.h */ = {isa = PBXFileReference; lastKnownFileType = sourcecode.c.h; path = ZJClearTableViewController.h; sourceTree = "<group>"; };
		381B08A12255B225008F2D7C /* ZJClearTableViewController.m */ = {isa = PBXFileReference; lastKnownFileType = sourcecode.c.objc; path = ZJClearTableViewController.m; sourceTree = "<group>"; };
		381B08A32255EF86008F2D7C /* ZJNoClearTableViewController.h */ = {isa = PBXFileReference; lastKnownFileType = sourcecode.c.h; path = ZJNoClearTableViewController.h; sourceTree = "<group>"; };
		381B08A42255EF86008F2D7C /* ZJNoClearTableViewController.m */ = {isa = PBXFileReference; lastKnownFileType = sourcecode.c.objc; path = ZJNoClearTableViewController.m; sourceTree = "<group>"; };
		381B08A62255F41A008F2D7C /* ZJScrollViewDefines.h */ = {isa = PBXFileReference; lastKnownFileType = sourcecode.c.h; path = ZJScrollViewDefines.h; sourceTree = "<group>"; };
		381B08A72255F5C2008F2D7C /* ZJLayoutDefines.h */ = {isa = PBXFileReference; lastKnownFileType = sourcecode.c.h; path = ZJLayoutDefines.h; sourceTree = "<group>"; };
		381B08A82255F801008F2D7C /* ZJOtherDefines.h */ = {isa = PBXFileReference; lastKnownFileType = sourcecode.c.h; path = ZJOtherDefines.h; sourceTree = "<group>"; };
		381B08B72255FC75008F2D7C /* ZJCornerButton.m */ = {isa = PBXFileReference; fileEncoding = 4; lastKnownFileType = sourcecode.c.objc; path = ZJCornerButton.m; sourceTree = "<group>"; };
		381B08B82255FC76008F2D7C /* ZJSelectButton.h */ = {isa = PBXFileReference; fileEncoding = 4; lastKnownFileType = sourcecode.c.h; path = ZJSelectButton.h; sourceTree = "<group>"; };
		381B08BB2255FC76008F2D7C /* ZJCornerButton.h */ = {isa = PBXFileReference; fileEncoding = 4; lastKnownFileType = sourcecode.c.h; path = ZJCornerButton.h; sourceTree = "<group>"; };
		381B08BC2255FC76008F2D7C /* ZJSelectButton.m */ = {isa = PBXFileReference; fileEncoding = 4; lastKnownFileType = sourcecode.c.objc; path = ZJSelectButton.m; sourceTree = "<group>"; };
		381B08C42255FF86008F2D7C /* ZJNormalTableViewCell.h */ = {isa = PBXFileReference; lastKnownFileType = sourcecode.c.h; path = ZJNormalTableViewCell.h; sourceTree = "<group>"; };
		381B08C52255FF86008F2D7C /* ZJNormalTableViewCell.m */ = {isa = PBXFileReference; lastKnownFileType = sourcecode.c.objc; path = ZJNormalTableViewCell.m; sourceTree = "<group>"; };
		3834E4C92243989F00C23476 /* ZJTest.app */ = {isa = PBXFileReference; explicitFileType = wrapper.application; includeInIndex = 0; path = ZJTest.app; sourceTree = BUILT_PRODUCTS_DIR; };
		3834E4CC2243989F00C23476 /* AppDelegate.h */ = {isa = PBXFileReference; lastKnownFileType = sourcecode.c.h; path = AppDelegate.h; sourceTree = "<group>"; };
		3834E4CD2243989F00C23476 /* AppDelegate.m */ = {isa = PBXFileReference; lastKnownFileType = sourcecode.c.objc; path = AppDelegate.m; sourceTree = "<group>"; };
		3834E4D62243989F00C23476 /* ZJTest.xcdatamodel */ = {isa = PBXFileReference; lastKnownFileType = wrapper.xcdatamodel; path = ZJTest.xcdatamodel; sourceTree = "<group>"; };
		3834E4D8224398A000C23476 /* Assets.xcassets */ = {isa = PBXFileReference; lastKnownFileType = folder.assetcatalog; path = Assets.xcassets; sourceTree = "<group>"; };
		3834E4DB224398A000C23476 /* Base */ = {isa = PBXFileReference; lastKnownFileType = file.storyboard; name = Base; path = Base.lproj/LaunchScreen.storyboard; sourceTree = "<group>"; };
		3834E4DD224398A000C23476 /* Info.plist */ = {isa = PBXFileReference; lastKnownFileType = text.plist.xml; path = Info.plist; sourceTree = "<group>"; };
		3834E4DE224398A000C23476 /* main.m */ = {isa = PBXFileReference; lastKnownFileType = sourcecode.c.objc; path = main.m; sourceTree = "<group>"; };
		3834E4E4224398A000C23476 /* ZJTestTests.xctest */ = {isa = PBXFileReference; explicitFileType = wrapper.cfbundle; includeInIndex = 0; path = ZJTestTests.xctest; sourceTree = BUILT_PRODUCTS_DIR; };
		3834E4E8224398A000C23476 /* ZJTestTests.m */ = {isa = PBXFileReference; lastKnownFileType = sourcecode.c.objc; path = ZJTestTests.m; sourceTree = "<group>"; };
		3834E4EA224398A000C23476 /* Info.plist */ = {isa = PBXFileReference; lastKnownFileType = text.plist.xml; path = Info.plist; sourceTree = "<group>"; };
		3834E4EF224398A000C23476 /* ZJTestUITests.xctest */ = {isa = PBXFileReference; explicitFileType = wrapper.cfbundle; includeInIndex = 0; path = ZJTestUITests.xctest; sourceTree = BUILT_PRODUCTS_DIR; };
		3834E4F3224398A000C23476 /* ZJTestUITests.m */ = {isa = PBXFileReference; lastKnownFileType = sourcecode.c.objc; path = ZJTestUITests.m; sourceTree = "<group>"; };
		3834E4F5224398A000C23476 /* Info.plist */ = {isa = PBXFileReference; lastKnownFileType = text.plist.xml; path = Info.plist; sourceTree = "<group>"; };
		3834E51222439BFF00C23476 /* PrefixHeader.pch */ = {isa = PBXFileReference; lastKnownFileType = sourcecode.c.h; path = PrefixHeader.pch; sourceTree = "<group>"; };
		38431F392266D0720090B056 /* ZJTest.entitlements */ = {isa = PBXFileReference; lastKnownFileType = text.plist.entitlements; path = ZJTest.entitlements; sourceTree = "<group>"; };
		384736872261D5E600E2C870 /* mysong.mp3 */ = {isa = PBXFileReference; lastKnownFileType = audio.mp3; path = mysong.mp3; sourceTree = "<group>"; };
		384736882261D5EA00E2C870 /* gezaifei.mp4 */ = {isa = PBXFileReference; lastKnownFileType = file; path = gezaifei.mp4; sourceTree = "<group>"; };
		384736892261D5EA00E2C870 /* alert_message.wav */ = {isa = PBXFileReference; lastKnownFileType = audio.wav; path = alert_message.wav; sourceTree = "<group>"; };
		38600BF1227198FF0043A242 /* ZJIconBadgeButton.h */ = {isa = PBXFileReference; lastKnownFileType = sourcecode.c.h; path = ZJIconBadgeButton.h; sourceTree = "<group>"; };
		38600BF2227198FF0043A242 /* ZJIconBadgeButton.m */ = {isa = PBXFileReference; lastKnownFileType = sourcecode.c.objc; path = ZJIconBadgeButton.m; sourceTree = "<group>"; };
		387FA2292254ABB8001E5B98 /* ZJControllerCategory.m */ = {isa = PBXFileReference; fileEncoding = 4; lastKnownFileType = sourcecode.c.objc; path = ZJControllerCategory.m; sourceTree = "<group>"; };
		387FA22A2254ABB8001E5B98 /* UIViewExt.h */ = {isa = PBXFileReference; fileEncoding = 4; lastKnownFileType = sourcecode.c.h; path = UIViewExt.h; sourceTree = "<group>"; };
		387FA22B2254ABB8001E5B98 /* ZJUIViewCategory.h */ = {isa = PBXFileReference; fileEncoding = 4; lastKnownFileType = sourcecode.c.h; path = ZJUIViewCategory.h; sourceTree = "<group>"; };
		387FA22C2254ABB8001E5B98 /* ZJControllerCategory.h */ = {isa = PBXFileReference; fileEncoding = 4; lastKnownFileType = sourcecode.c.h; path = ZJControllerCategory.h; sourceTree = "<group>"; };
		387FA22D2254ABB8001E5B98 /* UIViewExt.m */ = {isa = PBXFileReference; fileEncoding = 4; lastKnownFileType = sourcecode.c.objc; path = UIViewExt.m; sourceTree = "<group>"; };
		387FA22E2254ABB8001E5B98 /* ZJCategoryHeaderFile.h */ = {isa = PBXFileReference; fileEncoding = 4; lastKnownFileType = sourcecode.c.h; path = ZJCategoryHeaderFile.h; sourceTree = "<group>"; };
		387FA22F2254ABB8001E5B98 /* ZJFondationCategory.m */ = {isa = PBXFileReference; fileEncoding = 4; lastKnownFileType = sourcecode.c.objc; path = ZJFondationCategory.m; sourceTree = "<group>"; };
		387FA2302254ABB9001E5B98 /* ZJNSObjectCategory.h */ = {isa = PBXFileReference; fileEncoding = 4; lastKnownFileType = sourcecode.c.h; path = ZJNSObjectCategory.h; sourceTree = "<group>"; };
		387FA2312254ABB9001E5B98 /* UITextView+Placeholder.m */ = {isa = PBXFileReference; fileEncoding = 4; lastKnownFileType = sourcecode.c.objc; path = "UITextView+Placeholder.m"; sourceTree = "<group>"; };
		387FA2322254ABB9001E5B98 /* ZJUIViewCategory.m */ = {isa = PBXFileReference; fileEncoding = 4; lastKnownFileType = sourcecode.c.objc; path = ZJUIViewCategory.m; sourceTree = "<group>"; };
		387FA2332254ABB9001E5B98 /* UITextView+Placeholder.h */ = {isa = PBXFileReference; fileEncoding = 4; lastKnownFileType = sourcecode.c.h; path = "UITextView+Placeholder.h"; sourceTree = "<group>"; };
		387FA2342254ABB9001E5B98 /* ZJNSObjectCategory.m */ = {isa = PBXFileReference; fileEncoding = 4; lastKnownFileType = sourcecode.c.objc; path = ZJNSObjectCategory.m; sourceTree = "<group>"; };
		387FA2352254ABB9001E5B98 /* ZJFondationCategory.h */ = {isa = PBXFileReference; fileEncoding = 4; lastKnownFileType = sourcecode.c.h; path = ZJFondationCategory.h; sourceTree = "<group>"; };
		387FA23E2254ACC3001E5B98 /* ZJModelHeaderFile.h */ = {isa = PBXFileReference; fileEncoding = 4; lastKnownFileType = sourcecode.c.h; path = ZJModelHeaderFile.h; sourceTree = "<group>"; };
		387FA2422254ACC4001E5B98 /* ZJPageSizeObjectInfo.m */ = {isa = PBXFileReference; fileEncoding = 4; lastKnownFileType = sourcecode.c.objc; path = ZJPageSizeObjectInfo.m; sourceTree = "<group>"; };
		387FA2432254ACC4001E5B98 /* ZJMentionObject.h */ = {isa = PBXFileReference; fileEncoding = 4; lastKnownFileType = sourcecode.c.h; path = ZJMentionObject.h; sourceTree = "<group>"; };
		387FA2442254ACC4001E5B98 /* ZJAlertObject.h */ = {isa = PBXFileReference; fileEncoding = 4; lastKnownFileType = sourcecode.c.h; path = ZJAlertObject.h; sourceTree = "<group>"; };
		387FA2452254ACC4001E5B98 /* ZJPageSizeObjectInfo.h */ = {isa = PBXFileReference; fileEncoding = 4; lastKnownFileType = sourcecode.c.h; path = ZJPageSizeObjectInfo.h; sourceTree = "<group>"; };
		387FA2462254ACC5001E5B98 /* ZJAlertObject.m */ = {isa = PBXFileReference; fileEncoding = 4; lastKnownFileType = sourcecode.c.objc; path = ZJAlertObject.m; sourceTree = "<group>"; };
		387FA2472254ACC5001E5B98 /* ZJMentionObject.m */ = {isa = PBXFileReference; fileEncoding = 4; lastKnownFileType = sourcecode.c.objc; path = ZJMentionObject.m; sourceTree = "<group>"; };
		3882335D2249D5E500D444EA /* ZJNormalTableViewController.m */ = {isa = PBXFileReference; fileEncoding = 4; lastKnownFileType = sourcecode.c.objc; path = ZJNormalTableViewController.m; sourceTree = "<group>"; };
		3882335E2249D5E500D444EA /* ZJNormalTableViewController.h */ = {isa = PBXFileReference; fileEncoding = 4; lastKnownFileType = sourcecode.c.h; path = ZJNormalTableViewController.h; sourceTree = "<group>"; };
		3882335F2249D5E500D444EA /* ZJVCHeaderFiles.h */ = {isa = PBXFileReference; fileEncoding = 4; lastKnownFileType = sourcecode.c.h; path = ZJVCHeaderFiles.h; sourceTree = "<group>"; };
		388233612249D5E500D444EA /* ZJNormalViewController.m */ = {isa = PBXFileReference; fileEncoding = 4; lastKnownFileType = sourcecode.c.objc; path = ZJNormalViewController.m; sourceTree = "<group>"; };
		388233622249D5E500D444EA /* ZJNormalViewController.h */ = {isa = PBXFileReference; fileEncoding = 4; lastKnownFileType = sourcecode.c.h; path = ZJNormalViewController.h; sourceTree = "<group>"; };
		388233632249D5E500D444EA /* ZJNavigationController.h */ = {isa = PBXFileReference; fileEncoding = 4; lastKnownFileType = sourcecode.c.h; path = ZJNavigationController.h; sourceTree = "<group>"; };
		388233642249D5E500D444EA /* ZJNavigationController.m */ = {isa = PBXFileReference; fileEncoding = 4; lastKnownFileType = sourcecode.c.objc; path = ZJNavigationController.m; sourceTree = "<group>"; };
		388233662249D5E500D444EA /* ZJViewHeaderFiles.h */ = {isa = PBXFileReference; fileEncoding = 4; lastKnownFileType = sourcecode.c.h; path = ZJViewHeaderFiles.h; sourceTree = "<group>"; };
		388233672249D5E500D444EA /* ZJToolsHeadFiles.h */ = {isa = PBXFileReference; fileEncoding = 4; lastKnownFileType = sourcecode.c.h; path = ZJToolsHeadFiles.h; sourceTree = "<group>"; };
		38A9584922759F390001974D /* ZJMainTabBarViewController.h */ = {isa = PBXFileReference; fileEncoding = 4; lastKnownFileType = sourcecode.c.h; path = ZJMainTabBarViewController.h; sourceTree = "<group>"; };
		38A9584A22759F3A0001974D /* ZJMainTabBarViewController.m */ = {isa = PBXFileReference; fileEncoding = 4; lastKnownFileType = sourcecode.c.objc; path = ZJMainTabBarViewController.m; sourceTree = "<group>"; };
		38A9584D22759F710001974D /* ZJTestSystemTableViewController.m */ = {isa = PBXFileReference; fileEncoding = 4; lastKnownFileType = sourcecode.c.objc; path = ZJTestSystemTableViewController.m; sourceTree = "<group>"; };
		38A9584F22759F710001974D /* ZJTestUserAudioTableViewController.m */ = {isa = PBXFileReference; fileEncoding = 4; lastKnownFileType = sourcecode.c.objc; path = ZJTestUserAudioTableViewController.m; sourceTree = "<group>"; };
		38A9585022759F710001974D /* ZJTestSysSettingTableViewController.h */ = {isa = PBXFileReference; fileEncoding = 4; lastKnownFileType = sourcecode.c.h; path = ZJTestSysSettingTableViewController.h; sourceTree = "<group>"; };
		38A9585122759F710001974D /* ZJTestAudioTableViewController.h */ = {isa = PBXFileReference; fileEncoding = 4; lastKnownFileType = sourcecode.c.h; path = ZJTestAudioTableViewController.h; sourceTree = "<group>"; };
		38A9585222759F710001974D /* ZJTestLanguageTableViewController.h */ = {isa = PBXFileReference; fileEncoding = 4; lastKnownFileType = sourcecode.c.h; path = ZJTestLanguageTableViewController.h; sourceTree = "<group>"; };
		38A9585322759F710001974D /* ZJTestUserAudioTableViewController.h */ = {isa = PBXFileReference; fileEncoding = 4; lastKnownFileType = sourcecode.c.h; path = ZJTestUserAudioTableViewController.h; sourceTree = "<group>"; };
		38A9585422759F710001974D /* ZJTestAudioTableViewController.m */ = {isa = PBXFileReference; fileEncoding = 4; lastKnownFileType = sourcecode.c.objc; path = ZJTestAudioTableViewController.m; sourceTree = "<group>"; };
		38A9585522759F710001974D /* ZJTestSysSettingTableViewController.m */ = {isa = PBXFileReference; fileEncoding = 4; lastKnownFileType = sourcecode.c.objc; path = ZJTestSysSettingTableViewController.m; sourceTree = "<group>"; };
		38A9585622759F710001974D /* ZJTestLanguageTableViewController.m */ = {isa = PBXFileReference; fileEncoding = 4; lastKnownFileType = sourcecode.c.objc; path = ZJTestLanguageTableViewController.m; sourceTree = "<group>"; };
		38A9585722759F710001974D /* ZJTestSystemTableViewController.h */ = {isa = PBXFileReference; fileEncoding = 4; lastKnownFileType = sourcecode.c.h; path = ZJTestSystemTableViewController.h; sourceTree = "<group>"; };
		38A9585922759F710001974D /* ZJTestNibHeadTableViewController.h */ = {isa = PBXFileReference; fileEncoding = 4; lastKnownFileType = sourcecode.c.h; path = ZJTestNibHeadTableViewController.h; sourceTree = "<group>"; };
		38A9585A22759F710001974D /* ZJTestImageViewController.h */ = {isa = PBXFileReference; fileEncoding = 4; lastKnownFileType = sourcecode.c.h; path = ZJTestImageViewController.h; sourceTree = "<group>"; };
		38A9585B22759F710001974D /* ZJTestSliderViewController.m */ = {isa = PBXFileReference; fileEncoding = 4; lastKnownFileType = sourcecode.c.objc; path = ZJTestSliderViewController.m; sourceTree = "<group>"; };
		38A9585C22759F710001974D /* ZJTestUIKitTableViewController.m */ = {isa = PBXFileReference; fileEncoding = 4; lastKnownFileType = sourcecode.c.objc; path = ZJTestUIKitTableViewController.m; sourceTree = "<group>"; };
		38A9585D22759F710001974D /* ZJTestAlertViewController.h */ = {isa = PBXFileReference; fileEncoding = 4; lastKnownFileType = sourcecode.c.h; path = ZJTestAlertViewController.h; sourceTree = "<group>"; };
		38A9585E22759F710001974D /* ZJTestUIRectEdgeTableViewController.h */ = {isa = PBXFileReference; fileEncoding = 4; lastKnownFileType = sourcecode.c.h; path = ZJTestUIRectEdgeTableViewController.h; sourceTree = "<group>"; };
		38A9585F22759F710001974D /* ZJTestNavigationBarViewController.m */ = {isa = PBXFileReference; fileEncoding = 4; lastKnownFileType = sourcecode.c.objc; path = ZJTestNavigationBarViewController.m; sourceTree = "<group>"; };
		38A9586022759F710001974D /* ZJTestSelectBtnViewController.h */ = {isa = PBXFileReference; fileEncoding = 4; lastKnownFileType = sourcecode.c.h; path = ZJTestSelectBtnViewController.h; sourceTree = "<group>"; };
		38A9586122759F710001974D /* ZJTestLabelViewController.h */ = {isa = PBXFileReference; fileEncoding = 4; lastKnownFileType = sourcecode.c.h; path = ZJTestLabelViewController.h; sourceTree = "<group>"; };
		38A9586222759F710001974D /* ZJTestBarButtonItemViewController.m */ = {isa = PBXFileReference; fileEncoding = 4; lastKnownFileType = sourcecode.c.objc; path = ZJTestBarButtonItemViewController.m; sourceTree = "<group>"; };
		38A9586322759F710001974D /* ZJTestLayoutViewController.m */ = {isa = PBXFileReference; fileEncoding = 4; lastKnownFileType = sourcecode.c.objc; path = ZJTestLayoutViewController.m; sourceTree = "<group>"; };
		38A9586422759F710001974D /* ZJTestImageViewController.m */ = {isa = PBXFileReference; fileEncoding = 4; lastKnownFileType = sourcecode.c.objc; path = ZJTestImageViewController.m; sourceTree = "<group>"; };
		38A9586522759F710001974D /* ZJTestNibHeadTableViewController.m */ = {isa = PBXFileReference; fileEncoding = 4; lastKnownFileType = sourcecode.c.objc; path = ZJTestNibHeadTableViewController.m; sourceTree = "<group>"; };
		38A9586622759F710001974D /* ZJTestSliderViewController.h */ = {isa = PBXFileReference; fileEncoding = 4; lastKnownFileType = sourcecode.c.h; path = ZJTestSliderViewController.h; sourceTree = "<group>"; };
		38A9586722759F710001974D /* ZJTestUIKitTableViewController.h */ = {isa = PBXFileReference; fileEncoding = 4; lastKnownFileType = sourcecode.c.h; path = ZJTestUIKitTableViewController.h; sourceTree = "<group>"; };
		38A9586822759F710001974D /* ZJTestSelectBtnViewController.m */ = {isa = PBXFileReference; fileEncoding = 4; lastKnownFileType = sourcecode.c.objc; path = ZJTestSelectBtnViewController.m; sourceTree = "<group>"; };
		38A9586922759F710001974D /* ZJTestNavigationBarViewController.h */ = {isa = PBXFileReference; fileEncoding = 4; lastKnownFileType = sourcecode.c.h; path = ZJTestNavigationBarViewController.h; sourceTree = "<group>"; };
		38A9586A22759F710001974D /* ZJTestAlertViewController.m */ = {isa = PBXFileReference; fileEncoding = 4; lastKnownFileType = sourcecode.c.objc; path = ZJTestAlertViewController.m; sourceTree = "<group>"; };
		38A9586B22759F710001974D /* ZJTestUIRectEdgeTableViewController.m */ = {isa = PBXFileReference; fileEncoding = 4; lastKnownFileType = sourcecode.c.objc; path = ZJTestUIRectEdgeTableViewController.m; sourceTree = "<group>"; };
		38A9586C22759F710001974D /* ZJTestLayoutViewController.h */ = {isa = PBXFileReference; fileEncoding = 4; lastKnownFileType = sourcecode.c.h; path = ZJTestLayoutViewController.h; sourceTree = "<group>"; };
		38A9586D22759F710001974D /* ZJTestBarButtonItemViewController.h */ = {isa = PBXFileReference; fileEncoding = 4; lastKnownFileType = sourcecode.c.h; path = ZJTestBarButtonItemViewController.h; sourceTree = "<group>"; };
		38A9586E22759F710001974D /* ZJTestLayoutViewController.xib */ = {isa = PBXFileReference; fileEncoding = 4; lastKnownFileType = file.xib; path = ZJTestLayoutViewController.xib; sourceTree = "<group>"; };
		38A9586F22759F710001974D /* ZJTestLabelViewController.m */ = {isa = PBXFileReference; fileEncoding = 4; lastKnownFileType = sourcecode.c.objc; path = ZJTestLabelViewController.m; sourceTree = "<group>"; };
		38A9587A22759F730001974D /* ZJTestPopTransitionTableViewController.h */ = {isa = PBXFileReference; fileEncoding = 4; lastKnownFileType = sourcecode.c.h; path = ZJTestPopTransitionTableViewController.h; sourceTree = "<group>"; };
		38A9587B22759F730001974D /* ZJTestPushTransitionTableViewController.h */ = {isa = PBXFileReference; fileEncoding = 4; lastKnownFileType = sourcecode.c.h; path = ZJTestPushTransitionTableViewController.h; sourceTree = "<group>"; };
		38A9587C22759F730001974D /* ZJTestCAAnimationTableViewController.m */ = {isa = PBXFileReference; fileEncoding = 4; lastKnownFileType = sourcecode.c.objc; path = ZJTestCAAnimationTableViewController.m; sourceTree = "<group>"; };
		38A9587D22759F730001974D /* ZJTestCAGradientLayerViewController.m */ = {isa = PBXFileReference; fileEncoding = 4; lastKnownFileType = sourcecode.c.objc; path = ZJTestCAGradientLayerViewController.m; sourceTree = "<group>"; };
		38A9587E22759F730001974D /* ZJTestPopTransitionTableViewController.m */ = {isa = PBXFileReference; fileEncoding = 4; lastKnownFileType = sourcecode.c.objc; path = ZJTestPopTransitionTableViewController.m; sourceTree = "<group>"; };
		38A9587F22759F730001974D /* ZJTestPushTransitionTableViewController.m */ = {isa = PBXFileReference; fileEncoding = 4; lastKnownFileType = sourcecode.c.objc; path = ZJTestPushTransitionTableViewController.m; sourceTree = "<group>"; };
		38A9588022759F730001974D /* ZJTestCAGradientLayerViewController.h */ = {isa = PBXFileReference; fileEncoding = 4; lastKnownFileType = sourcecode.c.h; path = ZJTestCAGradientLayerViewController.h; sourceTree = "<group>"; };
		38A9588122759F730001974D /* ZJTestCAAnimationTableViewController.h */ = {isa = PBXFileReference; fileEncoding = 4; lastKnownFileType = sourcecode.c.h; path = ZJTestCAAnimationTableViewController.h; sourceTree = "<group>"; };
		38A9589B2275A14D0001974D /* ZJTestFodationTableViewController.m */ = {isa = PBXFileReference; fileEncoding = 4; lastKnownFileType = sourcecode.c.objc; path = ZJTestFodationTableViewController.m; sourceTree = "<group>"; };
		38A9589C2275A14D0001974D /* ZJTestNSStringTableViewController.m */ = {isa = PBXFileReference; fileEncoding = 4; lastKnownFileType = sourcecode.c.objc; path = ZJTestNSStringTableViewController.m; sourceTree = "<group>"; };
		38A9589D2275A14D0001974D /* ZJTestNSDataViewController.h */ = {isa = PBXFileReference; fileEncoding = 4; lastKnownFileType = sourcecode.c.h; path = ZJTestNSDataViewController.h; sourceTree = "<group>"; };
		38A9589E2275A14D0001974D /* ZJTestNSScannerViewController.m */ = {isa = PBXFileReference; fileEncoding = 4; lastKnownFileType = sourcecode.c.objc; path = ZJTestNSScannerViewController.m; sourceTree = "<group>"; };
		38A9589F2275A14E0001974D /* ZJTestNSStringTableViewController.h */ = {isa = PBXFileReference; fileEncoding = 4; lastKnownFileType = sourcecode.c.h; path = ZJTestNSStringTableViewController.h; sourceTree = "<group>"; };
		38A958A02275A14E0001974D /* ZJTestFodationTableViewController.h */ = {isa = PBXFileReference; fileEncoding = 4; lastKnownFileType = sourcecode.c.h; path = ZJTestFodationTableViewController.h; sourceTree = "<group>"; };
		38A958A12275A14E0001974D /* ZJTestNSDataViewController.m */ = {isa = PBXFileReference; fileEncoding = 4; lastKnownFileType = sourcecode.c.objc; path = ZJTestNSDataViewController.m; sourceTree = "<group>"; };
		38A958A22275A14E0001974D /* ZJTestNSScannerViewController.h */ = {isa = PBXFileReference; fileEncoding = 4; lastKnownFileType = sourcecode.c.h; path = ZJTestNSScannerViewController.h; sourceTree = "<group>"; };
		38CC76092254BED20045F4F4 /* ZJWrapView.h */ = {isa = PBXFileReference; fileEncoding = 4; lastKnownFileType = sourcecode.c.h; path = ZJWrapView.h; sourceTree = "<group>"; };
		38CC760A2254BED20045F4F4 /* ZJAboutView.h */ = {isa = PBXFileReference; fileEncoding = 4; lastKnownFileType = sourcecode.c.h; path = ZJAboutView.h; sourceTree = "<group>"; };
		38CC760B2254BED20045F4F4 /* ZJWrapView.m */ = {isa = PBXFileReference; fileEncoding = 4; lastKnownFileType = sourcecode.c.objc; path = ZJWrapView.m; sourceTree = "<group>"; };
		38CC760C2254BED20045F4F4 /* ZJAboutView.m */ = {isa = PBXFileReference; fileEncoding = 4; lastKnownFileType = sourcecode.c.objc; path = ZJAboutView.m; sourceTree = "<group>"; };
		38CC760D2254BED20045F4F4 /* ZJAboutView.xib */ = {isa = PBXFileReference; fileEncoding = 4; lastKnownFileType = file.xib; path = ZJAboutView.xib; sourceTree = "<group>"; };
/* End PBXFileReference section */

/* Begin PBXFrameworksBuildPhase section */
		3834E4C62243989F00C23476 /* Frameworks */ = {
			isa = PBXFrameworksBuildPhase;
			buildActionMask = 2147483647;
			files = (
			);
			runOnlyForDeploymentPostprocessing = 0;
		};
		3834E4E1224398A000C23476 /* Frameworks */ = {
			isa = PBXFrameworksBuildPhase;
			buildActionMask = 2147483647;
			files = (
			);
			runOnlyForDeploymentPostprocessing = 0;
		};
		3834E4EC224398A000C23476 /* Frameworks */ = {
			isa = PBXFrameworksBuildPhase;
			buildActionMask = 2147483647;
			files = (
			);
			runOnlyForDeploymentPostprocessing = 0;
		};
/* End PBXFrameworksBuildPhase section */

/* Begin PBXGroup section */
		381B089F2255B1C2008F2D7C /* clearTableVC */ = {
			isa = PBXGroup;
			children = (
				381B08A02255B225008F2D7C /* ZJClearTableViewController.h */,
				381B08A12255B225008F2D7C /* ZJClearTableViewController.m */,
				381B08A32255EF86008F2D7C /* ZJNoClearTableViewController.h */,
				381B08A42255EF86008F2D7C /* ZJNoClearTableViewController.m */,
			);
			path = clearTableVC;
			sourceTree = "<group>";
		};
		381B08A92255FC55008F2D7C /* ZJButton */ = {
			isa = PBXGroup;
			children = (
				38600BF1227198FF0043A242 /* ZJIconBadgeButton.h */,
				38600BF2227198FF0043A242 /* ZJIconBadgeButton.m */,
				381B08BB2255FC76008F2D7C /* ZJCornerButton.h */,
				381B08B72255FC75008F2D7C /* ZJCornerButton.m */,
				381B08B82255FC76008F2D7C /* ZJSelectButton.h */,
				381B08BC2255FC76008F2D7C /* ZJSelectButton.m */,
			);
			path = ZJButton;
			sourceTree = "<group>";
		};
		381B08C22255FD05008F2D7C /* Defines */ = {
			isa = PBXGroup;
			children = (
				38066325224A04D600CFE479 /* ZJDefine.h */,
				381B08A72255F5C2008F2D7C /* ZJLayoutDefines.h */,
				381B08A62255F41A008F2D7C /* ZJScrollViewDefines.h */,
				381B08A82255F801008F2D7C /* ZJOtherDefines.h */,
			);
			path = Defines;
			sourceTree = "<group>";
		};
		381B08C32255FF6C008F2D7C /* tableViewCell */ = {
			isa = PBXGroup;
			children = (
				381B08C42255FF86008F2D7C /* ZJNormalTableViewCell.h */,
				381B08C52255FF86008F2D7C /* ZJNormalTableViewCell.m */,
			);
			path = tableViewCell;
			sourceTree = "<group>";
		};
		3834E4C02243989F00C23476 = {
			isa = PBXGroup;
			children = (
				3834E4CB2243989F00C23476 /* ZJTest */,
				3834E4E7224398A000C23476 /* ZJTestTests */,
				3834E4F2224398A000C23476 /* ZJTestUITests */,
				3834E4CA2243989F00C23476 /* Products */,
			);
			sourceTree = "<group>";
		};
		3834E4CA2243989F00C23476 /* Products */ = {
			isa = PBXGroup;
			children = (
				3834E4C92243989F00C23476 /* ZJTest.app */,
				3834E4E4224398A000C23476 /* ZJTestTests.xctest */,
				3834E4EF224398A000C23476 /* ZJTestUITests.xctest */,
			);
			name = Products;
			sourceTree = "<group>";
		};
		3834E4CB2243989F00C23476 /* ZJTest */ = {
			isa = PBXGroup;
			children = (
				38431F392266D0720090B056 /* ZJTest.entitlements */,
				3834E4CC2243989F00C23476 /* AppDelegate.h */,
				3834E4CD2243989F00C23476 /* AppDelegate.m */,
				38A9584922759F390001974D /* ZJMainTabBarViewController.h */,
				38A9584A22759F3A0001974D /* ZJMainTabBarViewController.m */,
				38A9587022759F720001974D /* 01_Fondation */,
				38A9585822759F710001974D /* 02_UIKit */,
				38A9584C22759F710001974D /* 03_System */,
				38A9587922759F730001974D /* 04_CoreAnimation */,
				388233572249D5E500D444EA /* ZJTools */,
				3834E502224398BF00C23476 /* SupportingFIles */,
			);
			path = ZJTest;
			sourceTree = "<group>";
		};
		3834E4E7224398A000C23476 /* ZJTestTests */ = {
			isa = PBXGroup;
			children = (
				3834E4E8224398A000C23476 /* ZJTestTests.m */,
				3834E4EA224398A000C23476 /* Info.plist */,
			);
			path = ZJTestTests;
			sourceTree = "<group>";
		};
		3834E4F2224398A000C23476 /* ZJTestUITests */ = {
			isa = PBXGroup;
			children = (
				3834E4F3224398A000C23476 /* ZJTestUITests.m */,
				3834E4F5224398A000C23476 /* Info.plist */,
			);
			path = ZJTestUITests;
			sourceTree = "<group>";
		};
		3834E502224398BF00C23476 /* SupportingFIles */ = {
			isa = PBXGroup;
			children = (
				384736892261D5EA00E2C870 /* alert_message.wav */,
				384736882261D5EA00E2C870 /* gezaifei.mp4 */,
				384736872261D5E600E2C870 /* mysong.mp3 */,
				3834E51222439BFF00C23476 /* PrefixHeader.pch */,
				3834E4D8224398A000C23476 /* Assets.xcassets */,
				3834E4DA224398A000C23476 /* LaunchScreen.storyboard */,
				3834E4DD224398A000C23476 /* Info.plist */,
				3834E4DE224398A000C23476 /* main.m */,
				3834E4D52243989F00C23476 /* ZJTest.xcdatamodeld */,
			);
			name = SupportingFIles;
			sourceTree = "<group>";
		};
		387FA23C2254ACB8001E5B98 /* Model */ = {
			isa = PBXGroup;
			children = (
				387FA23E2254ACC3001E5B98 /* ZJModelHeaderFile.h */,
				387FA2442254ACC4001E5B98 /* ZJAlertObject.h */,
				387FA2462254ACC5001E5B98 /* ZJAlertObject.m */,
				387FA2432254ACC4001E5B98 /* ZJMentionObject.h */,
				387FA2472254ACC5001E5B98 /* ZJMentionObject.m */,
				387FA2452254ACC4001E5B98 /* ZJPageSizeObjectInfo.h */,
				387FA2422254ACC4001E5B98 /* ZJPageSizeObjectInfo.m */,
			);
			path = Model;
			sourceTree = "<group>";
		};
		388233572249D5E500D444EA /* ZJTools */ = {
			isa = PBXGroup;
			children = (
				388233672249D5E500D444EA /* ZJToolsHeadFiles.h */,
				381B08C22255FD05008F2D7C /* Defines */,
				387FA23C2254ACB8001E5B98 /* Model */,
				388233582249D5E500D444EA /* Category */,
				3882335B2249D5E500D444EA /* VC */,
				388233652249D5E500D444EA /* View */,
			);
			path = ZJTools;
			sourceTree = "<group>";
		};
		388233582249D5E500D444EA /* Category */ = {
			isa = PBXGroup;
			children = (
				387FA22E2254ABB8001E5B98 /* ZJCategoryHeaderFile.h */,
				387FA2332254ABB9001E5B98 /* UITextView+Placeholder.h */,
				387FA2312254ABB9001E5B98 /* UITextView+Placeholder.m */,
				387FA22A2254ABB8001E5B98 /* UIViewExt.h */,
				387FA22D2254ABB8001E5B98 /* UIViewExt.m */,
				387FA22C2254ABB8001E5B98 /* ZJControllerCategory.h */,
				387FA2292254ABB8001E5B98 /* ZJControllerCategory.m */,
				387FA2302254ABB9001E5B98 /* ZJNSObjectCategory.h */,
				387FA2342254ABB9001E5B98 /* ZJNSObjectCategory.m */,
				387FA22B2254ABB8001E5B98 /* ZJUIViewCategory.h */,
				387FA2322254ABB9001E5B98 /* ZJUIViewCategory.m */,
				387FA2352254ABB9001E5B98 /* ZJFondationCategory.h */,
				387FA22F2254ABB8001E5B98 /* ZJFondationCategory.m */,
			);
			path = Category;
			sourceTree = "<group>";
		};
		3882335B2249D5E500D444EA /* VC */ = {
			isa = PBXGroup;
			children = (
				3882335F2249D5E500D444EA /* ZJVCHeaderFiles.h */,
				388233632249D5E500D444EA /* ZJNavigationController.h */,
				388233642249D5E500D444EA /* ZJNavigationController.m */,
				3882335C2249D5E500D444EA /* tableVC */,
				388233602249D5E500D444EA /* basicVC */,
			);
			path = VC;
			sourceTree = "<group>";
		};
		3882335C2249D5E500D444EA /* tableVC */ = {
			isa = PBXGroup;
			children = (
				3882335E2249D5E500D444EA /* ZJNormalTableViewController.h */,
				3882335D2249D5E500D444EA /* ZJNormalTableViewController.m */,
				381B089F2255B1C2008F2D7C /* clearTableVC */,
			);
			path = tableVC;
			sourceTree = "<group>";
		};
		388233602249D5E500D444EA /* basicVC */ = {
			isa = PBXGroup;
			children = (
				388233622249D5E500D444EA /* ZJNormalViewController.h */,
				388233612249D5E500D444EA /* ZJNormalViewController.m */,
			);
			path = basicVC;
			sourceTree = "<group>";
		};
		388233652249D5E500D444EA /* View */ = {
			isa = PBXGroup;
			children = (
				388233662249D5E500D444EA /* ZJViewHeaderFiles.h */,
				381B08C32255FF6C008F2D7C /* tableViewCell */,
				381B08A92255FC55008F2D7C /* ZJButton */,
				38CC76082254BED20045F4F4 /* iconView */,
			);
			path = View;
			sourceTree = "<group>";
		};
		38A9584C22759F710001974D /* 03_System */ = {
			isa = PBXGroup;
			children = (
				38A9584D22759F710001974D /* ZJTestSystemTableViewController.m */,
				38A9584E22759F710001974D /* Audio */,
				38A9585722759F710001974D /* ZJTestSystemTableViewController.h */,
			);
			path = 03_System;
			sourceTree = "<group>";
		};
		38A9584E22759F710001974D /* Audio */ = {
			isa = PBXGroup;
			children = (
				38A9584F22759F710001974D /* ZJTestUserAudioTableViewController.m */,
				38A9585022759F710001974D /* ZJTestSysSettingTableViewController.h */,
				38A9585122759F710001974D /* ZJTestAudioTableViewController.h */,
				38A9585222759F710001974D /* ZJTestLanguageTableViewController.h */,
				38A9585322759F710001974D /* ZJTestUserAudioTableViewController.h */,
				38A9585422759F710001974D /* ZJTestAudioTableViewController.m */,
				38A9585522759F710001974D /* ZJTestSysSettingTableViewController.m */,
				38A9585622759F710001974D /* ZJTestLanguageTableViewController.m */,
			);
			path = Audio;
			sourceTree = "<group>";
		};
		38A9585822759F710001974D /* 02_UIKit */ = {
			isa = PBXGroup;
			children = (
				38A9585922759F710001974D /* ZJTestNibHeadTableViewController.h */,
				38A9585A22759F710001974D /* ZJTestImageViewController.h */,
				38A9585B22759F710001974D /* ZJTestSliderViewController.m */,
				38A9585C22759F710001974D /* ZJTestUIKitTableViewController.m */,
				38A9585D22759F710001974D /* ZJTestAlertViewController.h */,
				38A9585E22759F710001974D /* ZJTestUIRectEdgeTableViewController.h */,
				38A9585F22759F710001974D /* ZJTestNavigationBarViewController.m */,
				38A9586022759F710001974D /* ZJTestSelectBtnViewController.h */,
				38A9586122759F710001974D /* ZJTestLabelViewController.h */,
				38A9586222759F710001974D /* ZJTestBarButtonItemViewController.m */,
				38A9586322759F710001974D /* ZJTestLayoutViewController.m */,
				38A9586422759F710001974D /* ZJTestImageViewController.m */,
				38A9586522759F710001974D /* ZJTestNibHeadTableViewController.m */,
				38A9586622759F710001974D /* ZJTestSliderViewController.h */,
				38A9586722759F710001974D /* ZJTestUIKitTableViewController.h */,
				38A9586822759F710001974D /* ZJTestSelectBtnViewController.m */,
				38A9586922759F710001974D /* ZJTestNavigationBarViewController.h */,
				38A9586A22759F710001974D /* ZJTestAlertViewController.m */,
				38A9586B22759F710001974D /* ZJTestUIRectEdgeTableViewController.m */,
				38A9586C22759F710001974D /* ZJTestLayoutViewController.h */,
				38A9586D22759F710001974D /* ZJTestBarButtonItemViewController.h */,
				38A9586E22759F710001974D /* ZJTestLayoutViewController.xib */,
				38A9586F22759F710001974D /* ZJTestLabelViewController.m */,
			);
			path = 02_UIKit;
			sourceTree = "<group>";
		};
		38A9587022759F720001974D /* 01_Fondation */ = {
			isa = PBXGroup;
			children = (
				38A958A02275A14E0001974D /* ZJTestFodationTableViewController.h */,
				38A9589B2275A14D0001974D /* ZJTestFodationTableViewController.m */,
				38A9589D2275A14D0001974D /* ZJTestNSDataViewController.h */,
				38A958A12275A14E0001974D /* ZJTestNSDataViewController.m */,
				38A958A22275A14E0001974D /* ZJTestNSScannerViewController.h */,
				38A9589E2275A14D0001974D /* ZJTestNSScannerViewController.m */,
				38A9589F2275A14E0001974D /* ZJTestNSStringTableViewController.h */,
				38A9589C2275A14D0001974D /* ZJTestNSStringTableViewController.m */,
			);
			path = 01_Fondation;
			sourceTree = "<group>";
		};
		38A9587922759F730001974D /* 04_CoreAnimation */ = {
			isa = PBXGroup;
			children = (
				38A9587A22759F730001974D /* ZJTestPopTransitionTableViewController.h */,
				38A9587B22759F730001974D /* ZJTestPushTransitionTableViewController.h */,
				38A9587C22759F730001974D /* ZJTestCAAnimationTableViewController.m */,
				38A9587D22759F730001974D /* ZJTestCAGradientLayerViewController.m */,
				38A9587E22759F730001974D /* ZJTestPopTransitionTableViewController.m */,
				38A9587F22759F730001974D /* ZJTestPushTransitionTableViewController.m */,
				38A9588022759F730001974D /* ZJTestCAGradientLayerViewController.h */,
				38A9588122759F730001974D /* ZJTestCAAnimationTableViewController.h */,
			);
			path = 04_CoreAnimation;
			sourceTree = "<group>";
		};
		38CC76082254BED20045F4F4 /* iconView */ = {
			isa = PBXGroup;
			children = (
				38CC76092254BED20045F4F4 /* ZJWrapView.h */,
				38CC760B2254BED20045F4F4 /* ZJWrapView.m */,
				38CC760A2254BED20045F4F4 /* ZJAboutView.h */,
				38CC760C2254BED20045F4F4 /* ZJAboutView.m */,
				38CC760D2254BED20045F4F4 /* ZJAboutView.xib */,
			);
			path = iconView;
			sourceTree = "<group>";
		};
/* End PBXGroup section */

/* Begin PBXNativeTarget section */
		3834E4C82243989F00C23476 /* ZJTest */ = {
			isa = PBXNativeTarget;
			buildConfigurationList = 3834E4F8224398A000C23476 /* Build configuration list for PBXNativeTarget "ZJTest" */;
			buildPhases = (
				3834E4C52243989F00C23476 /* Sources */,
				3834E4C62243989F00C23476 /* Frameworks */,
				3834E4C72243989F00C23476 /* Resources */,
			);
			buildRules = (
			);
			dependencies = (
			);
			name = ZJTest;
			productName = ZJTest;
			productReference = 3834E4C92243989F00C23476 /* ZJTest.app */;
			productType = "com.apple.product-type.application";
		};
		3834E4E3224398A000C23476 /* ZJTestTests */ = {
			isa = PBXNativeTarget;
			buildConfigurationList = 3834E4FB224398A000C23476 /* Build configuration list for PBXNativeTarget "ZJTestTests" */;
			buildPhases = (
				3834E4E0224398A000C23476 /* Sources */,
				3834E4E1224398A000C23476 /* Frameworks */,
				3834E4E2224398A000C23476 /* Resources */,
			);
			buildRules = (
			);
			dependencies = (
				3834E4E6224398A000C23476 /* PBXTargetDependency */,
			);
			name = ZJTestTests;
			productName = ZJTestTests;
			productReference = 3834E4E4224398A000C23476 /* ZJTestTests.xctest */;
			productType = "com.apple.product-type.bundle.unit-test";
		};
		3834E4EE224398A000C23476 /* ZJTestUITests */ = {
			isa = PBXNativeTarget;
			buildConfigurationList = 3834E4FE224398A000C23476 /* Build configuration list for PBXNativeTarget "ZJTestUITests" */;
			buildPhases = (
				3834E4EB224398A000C23476 /* Sources */,
				3834E4EC224398A000C23476 /* Frameworks */,
				3834E4ED224398A000C23476 /* Resources */,
			);
			buildRules = (
			);
			dependencies = (
				3834E4F1224398A000C23476 /* PBXTargetDependency */,
			);
			name = ZJTestUITests;
			productName = ZJTestUITests;
			productReference = 3834E4EF224398A000C23476 /* ZJTestUITests.xctest */;
			productType = "com.apple.product-type.bundle.ui-testing";
		};
/* End PBXNativeTarget section */

/* Begin PBXProject section */
		3834E4C12243989F00C23476 /* Project object */ = {
			isa = PBXProject;
			attributes = {
				CLASSPREFIX = ZJTest;
				LastUpgradeCheck = 1010;
				ORGANIZATIONNAME = HY;
				TargetAttributes = {
					3834E4C82243989F00C23476 = {
						CreatedOnToolsVersion = 10.1;
						SystemCapabilities = {
							com.apple.AccessWiFi = {
								enabled = 1;
							};
						};
					};
					3834E4E3224398A000C23476 = {
						CreatedOnToolsVersion = 10.1;
						TestTargetID = 3834E4C82243989F00C23476;
					};
					3834E4EE224398A000C23476 = {
						CreatedOnToolsVersion = 10.1;
						TestTargetID = 3834E4C82243989F00C23476;
					};
				};
			};
			buildConfigurationList = 3834E4C42243989F00C23476 /* Build configuration list for PBXProject "ZJTest" */;
			compatibilityVersion = "Xcode 9.3";
			developmentRegion = en;
			hasScannedForEncodings = 0;
			knownRegions = (
				en,
				Base,
			);
			mainGroup = 3834E4C02243989F00C23476;
			productRefGroup = 3834E4CA2243989F00C23476 /* Products */;
			projectDirPath = "";
			projectRoot = "";
			targets = (
				3834E4C82243989F00C23476 /* ZJTest */,
				3834E4E3224398A000C23476 /* ZJTestTests */,
				3834E4EE224398A000C23476 /* ZJTestUITests */,
			);
		};
/* End PBXProject section */

/* Begin PBXResourcesBuildPhase section */
		3834E4C72243989F00C23476 /* Resources */ = {
			isa = PBXResourcesBuildPhase;
			buildActionMask = 2147483647;
			files = (
				3847368B2261D5EA00E2C870 /* gezaifei.mp4 in Resources */,
				3847368A2261D5EA00E2C870 /* mysong.mp3 in Resources */,
				3834E4DC224398A000C23476 /* LaunchScreen.storyboard in Resources */,
				3847368C2261D5EA00E2C870 /* alert_message.wav in Resources */,
				3834E4D9224398A000C23476 /* Assets.xcassets in Resources */,
				38A9589122759F740001974D /* ZJTestLayoutViewController.xib in Resources */,
				38CC76102254BED20045F4F4 /* ZJAboutView.xib in Resources */,
			);
			runOnlyForDeploymentPostprocessing = 0;
		};
		3834E4E2224398A000C23476 /* Resources */ = {
			isa = PBXResourcesBuildPhase;
			buildActionMask = 2147483647;
			files = (
			);
			runOnlyForDeploymentPostprocessing = 0;
		};
		3834E4ED224398A000C23476 /* Resources */ = {
			isa = PBXResourcesBuildPhase;
			buildActionMask = 2147483647;
			files = (
			);
			runOnlyForDeploymentPostprocessing = 0;
		};
/* End PBXResourcesBuildPhase section */

/* Begin PBXSourcesBuildPhase section */
		3834E4C52243989F00C23476 /* Sources */ = {
			isa = PBXSourcesBuildPhase;
			buildActionMask = 2147483647;
			files = (
				38A9588E22759F740001974D /* ZJTestSelectBtnViewController.m in Sources */,
				38A9589222759F740001974D /* ZJTestLabelViewController.m in Sources */,
				38A958A32275A14E0001974D /* ZJTestFodationTableViewController.m in Sources */,
				38A9588522759F740001974D /* ZJTestSysSettingTableViewController.m in Sources */,
				387FA2382254ABBA001E5B98 /* ZJFondationCategory.m in Sources */,
				387FA2372254ABBA001E5B98 /* UIViewExt.m in Sources */,
				3834E4D72243989F00C23476 /* ZJTest.xcdatamodeld in Sources */,
				38A9584B22759F3A0001974D /* ZJMainTabBarViewController.m in Sources */,
				38CC760E2254BED20045F4F4 /* ZJWrapView.m in Sources */,
				38A9589A22759F740001974D /* ZJTestPushTransitionTableViewController.m in Sources */,
				387FA23A2254ABBA001E5B98 /* ZJUIViewCategory.m in Sources */,
				38600BF3227198FF0043A242 /* ZJIconBadgeButton.m in Sources */,
				38A9588422759F740001974D /* ZJTestAudioTableViewController.m in Sources */,
				3834E4DF224398A000C23476 /* main.m in Sources */,
				38A9588622759F740001974D /* ZJTestLanguageTableViewController.m in Sources */,
				38A9588D22759F740001974D /* ZJTestNibHeadTableViewController.m in Sources */,
				387FA24D2254ACC6001E5B98 /* ZJPageSizeObjectInfo.m in Sources */,
				38A9588B22759F740001974D /* ZJTestLayoutViewController.m in Sources */,
				38A9589822759F740001974D /* ZJTestCAGradientLayerViewController.m in Sources */,
				387FA2392254ABBA001E5B98 /* UITextView+Placeholder.m in Sources */,
				387FA24E2254ACC6001E5B98 /* ZJAlertObject.m in Sources */,
				38A9588F22759F740001974D /* ZJTestAlertViewController.m in Sources */,
				381B08A52255EF86008F2D7C /* ZJNoClearTableViewController.m in Sources */,
				388233772249D5E500D444EA /* ZJNormalTableViewController.m in Sources */,
				38CC760F2254BED20045F4F4 /* ZJAboutView.m in Sources */,
				381B08BE2255FC76008F2D7C /* ZJCornerButton.m in Sources */,
				387FA24F2254ACC6001E5B98 /* ZJMentionObject.m in Sources */,
				38A9588822759F740001974D /* ZJTestUIKitTableViewController.m in Sources */,
				388233792249D5E500D444EA /* ZJNavigationController.m in Sources */,
				38A9588322759F740001974D /* ZJTestUserAudioTableViewController.m in Sources */,
				38A9588922759F740001974D /* ZJTestNavigationBarViewController.m in Sources */,
				38A958A52275A14E0001974D /* ZJTestNSScannerViewController.m in Sources */,
				38A958A42275A14E0001974D /* ZJTestNSStringTableViewController.m in Sources */,
				38A9588A22759F740001974D /* ZJTestBarButtonItemViewController.m in Sources */,
				38A9588722759F740001974D /* ZJTestSliderViewController.m in Sources */,
				388233782249D5E500D444EA /* ZJNormalViewController.m in Sources */,
				381B08C62255FF86008F2D7C /* ZJNormalTableViewCell.m in Sources */,
				38A958A62275A14E0001974D /* ZJTestNSDataViewController.m in Sources */,
				387FA23B2254ABBA001E5B98 /* ZJNSObjectCategory.m in Sources */,
				381B08A22255B225008F2D7C /* ZJClearTableViewController.m in Sources */,
				38A9589922759F740001974D /* ZJTestPopTransitionTableViewController.m in Sources */,
				38A9588222759F740001974D /* ZJTestSystemTableViewController.m in Sources */,
				38A9589022759F740001974D /* ZJTestUIRectEdgeTableViewController.m in Sources */,
				387FA2362254ABBA001E5B98 /* ZJControllerCategory.m in Sources */,
				38A9588C22759F740001974D /* ZJTestImageViewController.m in Sources */,
				381B08C12255FC76008F2D7C /* ZJSelectButton.m in Sources */,
				3834E4CE2243989F00C23476 /* AppDelegate.m in Sources */,
				38A9589722759F740001974D /* ZJTestCAAnimationTableViewController.m in Sources */,
			);
			runOnlyForDeploymentPostprocessing = 0;
		};
		3834E4E0224398A000C23476 /* Sources */ = {
			isa = PBXSourcesBuildPhase;
			buildActionMask = 2147483647;
			files = (
				3834E4E9224398A000C23476 /* ZJTestTests.m in Sources */,
			);
			runOnlyForDeploymentPostprocessing = 0;
		};
		3834E4EB224398A000C23476 /* Sources */ = {
			isa = PBXSourcesBuildPhase;
			buildActionMask = 2147483647;
			files = (
				3834E4F4224398A000C23476 /* ZJTestUITests.m in Sources */,
			);
			runOnlyForDeploymentPostprocessing = 0;
		};
/* End PBXSourcesBuildPhase section */

/* Begin PBXTargetDependency section */
		3834E4E6224398A000C23476 /* PBXTargetDependency */ = {
			isa = PBXTargetDependency;
			target = 3834E4C82243989F00C23476 /* ZJTest */;
			targetProxy = 3834E4E5224398A000C23476 /* PBXContainerItemProxy */;
		};
		3834E4F1224398A000C23476 /* PBXTargetDependency */ = {
			isa = PBXTargetDependency;
			target = 3834E4C82243989F00C23476 /* ZJTest */;
			targetProxy = 3834E4F0224398A000C23476 /* PBXContainerItemProxy */;
		};
/* End PBXTargetDependency section */

/* Begin PBXVariantGroup section */
		3834E4DA224398A000C23476 /* LaunchScreen.storyboard */ = {
			isa = PBXVariantGroup;
			children = (
				3834E4DB224398A000C23476 /* Base */,
			);
			name = LaunchScreen.storyboard;
			sourceTree = "<group>";
		};
/* End PBXVariantGroup section */

/* Begin XCBuildConfiguration section */
		3834E4F6224398A000C23476 /* Debug */ = {
			isa = XCBuildConfiguration;
			buildSettings = {
				ALWAYS_SEARCH_USER_PATHS = NO;
				CLANG_ANALYZER_NONNULL = YES;
				CLANG_ANALYZER_NUMBER_OBJECT_CONVERSION = YES_AGGRESSIVE;
				CLANG_CXX_LANGUAGE_STANDARD = "gnu++14";
				CLANG_CXX_LIBRARY = "libc++";
				CLANG_ENABLE_MODULES = YES;
				CLANG_ENABLE_OBJC_ARC = YES;
				CLANG_ENABLE_OBJC_WEAK = YES;
				CLANG_WARN_BLOCK_CAPTURE_AUTORELEASING = YES;
				CLANG_WARN_BOOL_CONVERSION = YES;
				CLANG_WARN_COMMA = YES;
				CLANG_WARN_CONSTANT_CONVERSION = YES;
				CLANG_WARN_DEPRECATED_OBJC_IMPLEMENTATIONS = YES;
				CLANG_WARN_DIRECT_OBJC_ISA_USAGE = YES_ERROR;
				CLANG_WARN_DOCUMENTATION_COMMENTS = YES;
				CLANG_WARN_EMPTY_BODY = YES;
				CLANG_WARN_ENUM_CONVERSION = YES;
				CLANG_WARN_INFINITE_RECURSION = YES;
				CLANG_WARN_INT_CONVERSION = YES;
				CLANG_WARN_NON_LITERAL_NULL_CONVERSION = YES;
				CLANG_WARN_OBJC_IMPLICIT_RETAIN_SELF = YES;
				CLANG_WARN_OBJC_LITERAL_CONVERSION = YES;
				CLANG_WARN_OBJC_ROOT_CLASS = YES_ERROR;
				CLANG_WARN_RANGE_LOOP_ANALYSIS = YES;
				CLANG_WARN_STRICT_PROTOTYPES = YES;
				CLANG_WARN_SUSPICIOUS_MOVE = YES;
				CLANG_WARN_UNGUARDED_AVAILABILITY = YES_AGGRESSIVE;
				CLANG_WARN_UNREACHABLE_CODE = YES;
				CLANG_WARN__DUPLICATE_METHOD_MATCH = YES;
				CODE_SIGN_IDENTITY = "iPhone Developer";
				COPY_PHASE_STRIP = NO;
				DEBUG_INFORMATION_FORMAT = dwarf;
				ENABLE_STRICT_OBJC_MSGSEND = YES;
				ENABLE_TESTABILITY = YES;
				GCC_C_LANGUAGE_STANDARD = gnu11;
				GCC_DYNAMIC_NO_PIC = NO;
				GCC_NO_COMMON_BLOCKS = YES;
				GCC_OPTIMIZATION_LEVEL = 0;
				GCC_PREPROCESSOR_DEFINITIONS = (
					"DEBUG=1",
					"$(inherited)",
				);
				GCC_WARN_64_TO_32_BIT_CONVERSION = YES;
				GCC_WARN_ABOUT_RETURN_TYPE = YES_ERROR;
				GCC_WARN_UNDECLARED_SELECTOR = YES;
				GCC_WARN_UNINITIALIZED_AUTOS = YES_AGGRESSIVE;
				GCC_WARN_UNUSED_FUNCTION = YES;
				GCC_WARN_UNUSED_VARIABLE = YES;
				IPHONEOS_DEPLOYMENT_TARGET = 12.1;
				MTL_ENABLE_DEBUG_INFO = INCLUDE_SOURCE;
				MTL_FAST_MATH = YES;
				ONLY_ACTIVE_ARCH = YES;
				SDKROOT = iphoneos;
			};
			name = Debug;
		};
		3834E4F7224398A000C23476 /* Release */ = {
			isa = XCBuildConfiguration;
			buildSettings = {
				ALWAYS_SEARCH_USER_PATHS = NO;
				CLANG_ANALYZER_NONNULL = YES;
				CLANG_ANALYZER_NUMBER_OBJECT_CONVERSION = YES_AGGRESSIVE;
				CLANG_CXX_LANGUAGE_STANDARD = "gnu++14";
				CLANG_CXX_LIBRARY = "libc++";
				CLANG_ENABLE_MODULES = YES;
				CLANG_ENABLE_OBJC_ARC = YES;
				CLANG_ENABLE_OBJC_WEAK = YES;
				CLANG_WARN_BLOCK_CAPTURE_AUTORELEASING = YES;
				CLANG_WARN_BOOL_CONVERSION = YES;
				CLANG_WARN_COMMA = YES;
				CLANG_WARN_CONSTANT_CONVERSION = YES;
				CLANG_WARN_DEPRECATED_OBJC_IMPLEMENTATIONS = YES;
				CLANG_WARN_DIRECT_OBJC_ISA_USAGE = YES_ERROR;
				CLANG_WARN_DOCUMENTATION_COMMENTS = YES;
				CLANG_WARN_EMPTY_BODY = YES;
				CLANG_WARN_ENUM_CONVERSION = YES;
				CLANG_WARN_INFINITE_RECURSION = YES;
				CLANG_WARN_INT_CONVERSION = YES;
				CLANG_WARN_NON_LITERAL_NULL_CONVERSION = YES;
				CLANG_WARN_OBJC_IMPLICIT_RETAIN_SELF = YES;
				CLANG_WARN_OBJC_LITERAL_CONVERSION = YES;
				CLANG_WARN_OBJC_ROOT_CLASS = YES_ERROR;
				CLANG_WARN_RANGE_LOOP_ANALYSIS = YES;
				CLANG_WARN_STRICT_PROTOTYPES = YES;
				CLANG_WARN_SUSPICIOUS_MOVE = YES;
				CLANG_WARN_UNGUARDED_AVAILABILITY = YES_AGGRESSIVE;
				CLANG_WARN_UNREACHABLE_CODE = YES;
				CLANG_WARN__DUPLICATE_METHOD_MATCH = YES;
				CODE_SIGN_IDENTITY = "iPhone Developer";
				COPY_PHASE_STRIP = NO;
				DEBUG_INFORMATION_FORMAT = "dwarf-with-dsym";
				ENABLE_NS_ASSERTIONS = NO;
				ENABLE_STRICT_OBJC_MSGSEND = YES;
				GCC_C_LANGUAGE_STANDARD = gnu11;
				GCC_NO_COMMON_BLOCKS = YES;
				GCC_WARN_64_TO_32_BIT_CONVERSION = YES;
				GCC_WARN_ABOUT_RETURN_TYPE = YES_ERROR;
				GCC_WARN_UNDECLARED_SELECTOR = YES;
				GCC_WARN_UNINITIALIZED_AUTOS = YES_AGGRESSIVE;
				GCC_WARN_UNUSED_FUNCTION = YES;
				GCC_WARN_UNUSED_VARIABLE = YES;
				IPHONEOS_DEPLOYMENT_TARGET = 12.1;
				MTL_ENABLE_DEBUG_INFO = NO;
				MTL_FAST_MATH = YES;
				SDKROOT = iphoneos;
				VALIDATE_PRODUCT = YES;
			};
			name = Release;
		};
		3834E4F9224398A000C23476 /* Debug */ = {
			isa = XCBuildConfiguration;
			buildSettings = {
				ASSETCATALOG_COMPILER_APPICON_NAME = AppIcon;
				CODE_SIGN_ENTITLEMENTS = ZJTest/ZJTest.entitlements;
				CODE_SIGN_STYLE = Automatic;
				DEVELOPMENT_TEAM = X69A28X2L6;
				GCC_PRECOMPILE_PREFIX_HEADER = YES;
				GCC_PREFIX_HEADER = "$(SRCROOT)/ZJTest/PrefixHeader.pch";
				INFOPLIST_FILE = ZJTest/Info.plist;
				IPHONEOS_DEPLOYMENT_TARGET = 8.0;
				LD_RUNPATH_SEARCH_PATHS = (
					"$(inherited)",
					"@executable_path/Frameworks",
				);
				PRODUCT_BUNDLE_IDENTIFIER = net.hanyouapp.ZJTest;
				PRODUCT_NAME = "$(TARGET_NAME)";
				TARGETED_DEVICE_FAMILY = "1,2";
			};
			name = Debug;
		};
		3834E4FA224398A000C23476 /* Release */ = {
			isa = XCBuildConfiguration;
			buildSettings = {
				ASSETCATALOG_COMPILER_APPICON_NAME = AppIcon;
				CODE_SIGN_ENTITLEMENTS = ZJTest/ZJTest.entitlements;
				CODE_SIGN_STYLE = Automatic;
				DEVELOPMENT_TEAM = X69A28X2L6;
				GCC_PRECOMPILE_PREFIX_HEADER = YES;
				GCC_PREFIX_HEADER = "$(SRCROOT)/ZJTest/PrefixHeader.pch";
				INFOPLIST_FILE = ZJTest/Info.plist;
				IPHONEOS_DEPLOYMENT_TARGET = 8.0;
				LD_RUNPATH_SEARCH_PATHS = (
					"$(inherited)",
					"@executable_path/Frameworks",
				);
				PRODUCT_BUNDLE_IDENTIFIER = net.hanyouapp.ZJTest;
				PRODUCT_NAME = "$(TARGET_NAME)";
				TARGETED_DEVICE_FAMILY = "1,2";
			};
			name = Release;
		};
		3834E4FC224398A000C23476 /* Debug */ = {
			isa = XCBuildConfiguration;
			buildSettings = {
				BUNDLE_LOADER = "$(TEST_HOST)";
				CODE_SIGN_STYLE = Automatic;
				DEVELOPMENT_TEAM = 7955BVLGNM;
				INFOPLIST_FILE = ZJTestTests/Info.plist;
				LD_RUNPATH_SEARCH_PATHS = (
					"$(inherited)",
					"@executable_path/Frameworks",
					"@loader_path/Frameworks",
				);
				PRODUCT_BUNDLE_IDENTIFIER = com.hanyouapp.ZJTestTests;
				PRODUCT_NAME = "$(TARGET_NAME)";
				TARGETED_DEVICE_FAMILY = "1,2";
				TEST_HOST = "$(BUILT_PRODUCTS_DIR)/ZJTest.app/ZJTest";
			};
			name = Debug;
		};
		3834E4FD224398A000C23476 /* Release */ = {
			isa = XCBuildConfiguration;
			buildSettings = {
				BUNDLE_LOADER = "$(TEST_HOST)";
				CODE_SIGN_STYLE = Automatic;
				DEVELOPMENT_TEAM = 7955BVLGNM;
				INFOPLIST_FILE = ZJTestTests/Info.plist;
				LD_RUNPATH_SEARCH_PATHS = (
					"$(inherited)",
					"@executable_path/Frameworks",
					"@loader_path/Frameworks",
				);
				PRODUCT_BUNDLE_IDENTIFIER = com.hanyouapp.ZJTestTests;
				PRODUCT_NAME = "$(TARGET_NAME)";
				TARGETED_DEVICE_FAMILY = "1,2";
				TEST_HOST = "$(BUILT_PRODUCTS_DIR)/ZJTest.app/ZJTest";
			};
			name = Release;
		};
		3834E4FF224398A000C23476 /* Debug */ = {
			isa = XCBuildConfiguration;
			buildSettings = {
				CODE_SIGN_STYLE = Automatic;
				DEVELOPMENT_TEAM = 7955BVLGNM;
				INFOPLIST_FILE = ZJTestUITests/Info.plist;
				LD_RUNPATH_SEARCH_PATHS = (
					"$(inherited)",
					"@executable_path/Frameworks",
					"@loader_path/Frameworks",
				);
				PRODUCT_BUNDLE_IDENTIFIER = com.hanyouapp.ZJTestUITests;
				PRODUCT_NAME = "$(TARGET_NAME)";
				TARGETED_DEVICE_FAMILY = "1,2";
				TEST_TARGET_NAME = ZJTest;
			};
			name = Debug;
		};
		3834E500224398A000C23476 /* Release */ = {
			isa = XCBuildConfiguration;
			buildSettings = {
				CODE_SIGN_STYLE = Automatic;
				DEVELOPMENT_TEAM = 7955BVLGNM;
				INFOPLIST_FILE = ZJTestUITests/Info.plist;
				LD_RUNPATH_SEARCH_PATHS = (
					"$(inherited)",
					"@executable_path/Frameworks",
					"@loader_path/Frameworks",
				);
				PRODUCT_BUNDLE_IDENTIFIER = com.hanyouapp.ZJTestUITests;
				PRODUCT_NAME = "$(TARGET_NAME)";
				TARGETED_DEVICE_FAMILY = "1,2";
				TEST_TARGET_NAME = ZJTest;
			};
			name = Release;
		};
/* End XCBuildConfiguration section */

/* Begin XCConfigurationList section */
		3834E4C42243989F00C23476 /* Build configuration list for PBXProject "ZJTest" */ = {
			isa = XCConfigurationList;
			buildConfigurations = (
				3834E4F6224398A000C23476 /* Debug */,
				3834E4F7224398A000C23476 /* Release */,
			);
			defaultConfigurationIsVisible = 0;
			defaultConfigurationName = Release;
		};
		3834E4F8224398A000C23476 /* Build configuration list for PBXNativeTarget "ZJTest" */ = {
			isa = XCConfigurationList;
			buildConfigurations = (
				3834E4F9224398A000C23476 /* Debug */,
				3834E4FA224398A000C23476 /* Release */,
			);
			defaultConfigurationIsVisible = 0;
			defaultConfigurationName = Release;
		};
		3834E4FB224398A000C23476 /* Build configuration list for PBXNativeTarget "ZJTestTests" */ = {
			isa = XCConfigurationList;
			buildConfigurations = (
				3834E4FC224398A000C23476 /* Debug */,
				3834E4FD224398A000C23476 /* Release */,
			);
			defaultConfigurationIsVisible = 0;
			defaultConfigurationName = Release;
		};
		3834E4FE224398A000C23476 /* Build configuration list for PBXNativeTarget "ZJTestUITests" */ = {
			isa = XCConfigurationList;
			buildConfigurations = (
				3834E4FF224398A000C23476 /* Debug */,
				3834E500224398A000C23476 /* Release */,
			);
			defaultConfigurationIsVisible = 0;
			defaultConfigurationName = Release;
		};
/* End XCConfigurationList section */

/* Begin XCVersionGroup section */
		3834E4D52243989F00C23476 /* ZJTest.xcdatamodeld */ = {
			isa = XCVersionGroup;
			children = (
				3834E4D62243989F00C23476 /* ZJTest.xcdatamodel */,
			);
			currentVersion = 3834E4D62243989F00C23476 /* ZJTest.xcdatamodel */;
			path = ZJTest.xcdatamodeld;
			sourceTree = "<group>";
			versionGroupType = wrapper.xcdatamodel;
		};
/* End XCVersionGroup section */
	};
	rootObject = 3834E4C12243989F00C23476 /* Project object */;
}
